
Microsoft Visual Studio Solution File, Format Version 12.00
# Visual Studio Version 17
VisualStudioVersion = 17.0.31415.485
MinimumVisualStudioVersion = 16.0.0.0
Project("{9A19103F-16F7-4668-BE54-9A1E7A4F7556}") = "Microsoft.VisualStudio.RazorExtension", "src\Razor\src\Microsoft.VisualStudio.RazorExtension\Microsoft.VisualStudio.RazorExtension.csproj", "{BCF712D4-329A-4C7A-8292-9EFC864B2ABA}"
EndProject
Project("{2150E333-8FDC-42A3-9474-1A3956D46DE8}") = "Tooling", "Tooling", "{3C0D6505-79B3-49D0-B4C3-176F0F1836ED}"
	ProjectSection(SolutionItems) = preProject
		src\Razor\src\Directory.Build.props = src\Razor\src\Directory.Build.props
	EndProjectSection
EndProject
Project("{2150E333-8FDC-42A3-9474-1A3956D46DE8}") = "Tooling Tests", "Tooling Tests", "{92463391-81BE-462B-AC3C-78C6C760741F}"
EndProject
Project("{9A19103F-16F7-4668-BE54-9A1E7A4F7556}") = "Microsoft.CodeAnalysis.Razor.Workspaces", "src\Razor\src\Microsoft.CodeAnalysis.Razor.Workspaces\Microsoft.CodeAnalysis.Razor.Workspaces.csproj", "{0F265874-C592-448B-BC4F-3430AB03E0DC}"
EndProject
Project("{9A19103F-16F7-4668-BE54-9A1E7A4F7556}") = "Microsoft.CodeAnalysis.Remote.Razor", "src\Razor\src\Microsoft.CodeAnalysis.Remote.Razor\Microsoft.CodeAnalysis.Remote.Razor.csproj", "{4EAD959D-73B2-4FB2-B46F-16CEB1EF49D4}"
EndProject
Project("{9A19103F-16F7-4668-BE54-9A1E7A4F7556}") = "Microsoft.VisualStudio.LanguageServices.Razor", "src\Razor\src\Microsoft.VisualStudio.LanguageServices.Razor\Microsoft.VisualStudio.LanguageServices.Razor.csproj", "{E5D92DB7-5CBF-410A-9685-FF76F71EC96F}"
EndProject
Project("{9A19103F-16F7-4668-BE54-9A1E7A4F7556}") = "Microsoft.VisualStudio.LanguageServices.Razor.Test", "src\Razor\test\Microsoft.VisualStudio.LanguageServices.Razor.Test\Microsoft.VisualStudio.LanguageServices.Razor.Test.csproj", "{37E61BDB-658E-4F44-A499-D64CC6D35485}"
EndProject
Project("{9A19103F-16F7-4668-BE54-9A1E7A4F7556}") = "Microsoft.AspNetCore.Razor.Test.Common.Tooling", "src\Razor\test\Microsoft.AspNetCore.Razor.Test.Common.Tooling\Microsoft.AspNetCore.Razor.Test.Common.Tooling.csproj", "{078AEF36-F319-4CE2-BAA2-5B58A6536B46}"
EndProject
Project("{9A19103F-16F7-4668-BE54-9A1E7A4F7556}") = "Microsoft.CodeAnalysis.Razor.Workspaces.Test", "src\Razor\test\Microsoft.CodeAnalysis.Razor.Workspaces.Test\Microsoft.CodeAnalysis.Razor.Workspaces.Test.csproj", "{C61AAE12-5007-4205-A220-68F354A7F235}"
EndProject
Project("{9A19103F-16F7-4668-BE54-9A1E7A4F7556}") = "Microsoft.AspNetCore.Razor.Microbenchmarks", "src\Razor\benchmarks\Microsoft.AspNetCore.Razor.Microbenchmarks\Microsoft.AspNetCore.Razor.Microbenchmarks.csproj", "{6205467F-E381-4C42-AEEC-763BD62B3D5E}"
EndProject
Project("{2150E333-8FDC-42A3-9474-1A3956D46DE8}") = "benchmarks", "benchmarks", "{C2C98051-0F39-47F2-80B6-E72B29159F2C}"
EndProject
Project("{9A19103F-16F7-4668-BE54-9A1E7A4F7556}") = "Microsoft.AspNetCore.Razor.LanguageServer", "src\Razor\src\Microsoft.AspNetCore.Razor.LanguageServer\Microsoft.AspNetCore.Razor.LanguageServer.csproj", "{1D15867E-E50F-4107-92A4-BBC2EE6B088C}"
EndProject
Project("{9A19103F-16F7-4668-BE54-9A1E7A4F7556}") = "Microsoft.AspNetCore.Razor.LanguageServer.Test", "src\Razor\test\Microsoft.AspNetCore.Razor.LanguageServer.Test\Microsoft.AspNetCore.Razor.LanguageServer.Test.csproj", "{FBAE9975-77BE-411B-A1A3-4790C8A367EF}"
EndProject
Project("{9A19103F-16F7-4668-BE54-9A1E7A4F7556}") = "rzls", "src\Razor\src\rzls\rzls.csproj", "{35FEC0EA-09B5-45D2-832D-D6FEBA364871}"
EndProject
Project("{9A19103F-16F7-4668-BE54-9A1E7A4F7556}") = "Microsoft.VisualStudio.LanguageServer.ContainedLanguage", "src\Razor\src\Microsoft.VisualStudio.LanguageServer.ContainedLanguage\Microsoft.VisualStudio.LanguageServer.ContainedLanguage.csproj", "{0D6FD2CD-3C0A-452B-AC12-DE6301C287AC}"
EndProject
Project("{9A19103F-16F7-4668-BE54-9A1E7A4F7556}") = "Microsoft.VisualStudio.LanguageServer.ContainedLanguage.Test", "src\Razor\test\Microsoft.VisualStudio.LanguageServer.ContainedLanguage.Test\Microsoft.VisualStudio.LanguageServer.ContainedLanguage.Test.csproj", "{0FC409AF-B92B-42D0-9096-1F20360D2672}"
EndProject
Project("{9A19103F-16F7-4668-BE54-9A1E7A4F7556}") = "Microsoft.CodeAnalysis.Remote.Razor.Test", "src\Razor\test\Microsoft.CodeAnalysis.Remote.Razor.Test\Microsoft.CodeAnalysis.Remote.Razor.Test.csproj", "{39233703-B752-43AC-AD86-E9D3E61B4AD9}"
EndProject
Project("{9A19103F-16F7-4668-BE54-9A1E7A4F7556}") = "Microsoft.CodeAnalysis.Remote.Razor.CoreComponents", "src\Razor\src\Microsoft.CodeAnalysis.Remote.Razor.CoreComponents\Microsoft.CodeAnalysis.Remote.Razor.CoreComponents.csproj", "{17C4A6DF-3AA5-43FE-8A0E-53DF14340446}"
EndProject
Project("{2150E333-8FDC-42A3-9474-1A3956D46DE8}") = "build", "build", "{4CAC99E0-6ECE-4264-96C3-AF4EEE7BC9D1}"
	ProjectSection(SolutionItems) = preProject
		.editorconfig = .editorconfig
		Directory.Packages.props = Directory.Packages.props
		NuGet.config = NuGet.config
		eng\targets\Services.props = eng\targets\Services.props
		SpellingExclusions.dic = SpellingExclusions.dic
		eng\Versions.props = eng\Versions.props
	EndProjectSection
EndProject
Project("{9A19103F-16F7-4668-BE54-9A1E7A4F7556}") = "Microsoft.VisualStudio.Razor.IntegrationTests", "src\Razor\test\Microsoft.VisualStudio.Razor.IntegrationTests\Microsoft.VisualStudio.Razor.IntegrationTests.csproj", "{8CEC0991-259F-4313-B3EF-E398F2B40E61}"
EndProject
Project("{9A19103F-16F7-4668-BE54-9A1E7A4F7556}") = "Microsoft.VisualStudio.RazorExtension.Dependencies", "src\Razor\src\Microsoft.VisualStudio.RazorExtension.Dependencies\Microsoft.VisualStudio.RazorExtension.Dependencies.csproj", "{87D808DC-5C9D-4D72-A9B7-C828A8DC09FA}"
EndProject
Project("{9A19103F-16F7-4668-BE54-9A1E7A4F7556}") = "RazorDeployment", "src\Razor\src\RazorDeployment\RazorDeployment.csproj", "{0C7CB1C1-6CA3-42A1-AE3A-71A4DF581AC3}"
EndProject
Project("{2150E333-8FDC-42A3-9474-1A3956D46DE8}") = "Compiler", "Compiler", "{5B60F564-4AD7-4B70-A887-7D91496799A2}"
EndProject
Project("{2150E333-8FDC-42A3-9474-1A3956D46DE8}") = "Shared", "Shared", "{3AE210D1-C435-4693-BF79-2EF13ED554B9}"
EndProject
Project("{2150E333-8FDC-42A3-9474-1A3956D46DE8}") = "Microsoft.AspNetCore.Mvc.Razor.Extensions", "Microsoft.AspNetCore.Mvc.Razor.Extensions", "{DE461FC6-663E-4362-9B33-C5A88C7B4DB8}"
EndProject
Project("{9A19103F-16F7-4668-BE54-9A1E7A4F7556}") = "Microsoft.AspNetCore.Mvc.Razor.Extensions.Test", "src\Compiler\Microsoft.AspNetCore.Mvc.Razor.Extensions\test\Microsoft.AspNetCore.Mvc.Razor.Extensions.Test.csproj", "{7BDA653C-6164-4ACB-913B-C7BB91E2390A}"
EndProject
Project("{2150E333-8FDC-42A3-9474-1A3956D46DE8}") = "Microsoft.AspNetCore.Mvc.Razor.Extensions.Version1_X", "Microsoft.AspNetCore.Mvc.Razor.Extensions.Version1_X", "{9B419123-4D1D-4ADB-ABB0-C324ED5A62E3}"
EndProject
Project("{9A19103F-16F7-4668-BE54-9A1E7A4F7556}") = "Microsoft.AspNetCore.Mvc.Razor.Extensions.Version1_X.Test", "src\Compiler\Microsoft.AspNetCore.Mvc.Razor.Extensions.Version1_X\test\Microsoft.AspNetCore.Mvc.Razor.Extensions.Version1_X.Test.csproj", "{1E26FEFF-20D6-4E3B-8DE5-F350919BB73D}"
EndProject
Project("{2150E333-8FDC-42A3-9474-1A3956D46DE8}") = "Microsoft.AspNetCore.Mvc.Razor.Extensions.Version2_X", "Microsoft.AspNetCore.Mvc.Razor.Extensions.Version2_X", "{F8C0166A-2714-44AA-87B5-3365F1FB1AE2}"
EndProject
Project("{9A19103F-16F7-4668-BE54-9A1E7A4F7556}") = "Microsoft.AspNetCore.Mvc.Razor.Extensions.Version2_X.Test", "src\Compiler\Microsoft.AspNetCore.Mvc.Razor.Extensions.Version2_X\test\Microsoft.AspNetCore.Mvc.Razor.Extensions.Version2_X.Test.csproj", "{D811DDE3-FDE4-4E9E-837B-11AF73465768}"
EndProject
Project("{2150E333-8FDC-42A3-9474-1A3956D46DE8}") = "Microsoft.AspNetCore.Razor.Language", "Microsoft.AspNetCore.Razor.Language", "{D9BDF88A-8F0B-4FAF-B77B-206042C1D402}"
EndProject
Project("{9A19103F-16F7-4668-BE54-9A1E7A4F7556}") = "Microsoft.AspNetCore.Razor.Language.Test", "src\Compiler\Microsoft.AspNetCore.Razor.Language\test\Microsoft.AspNetCore.Razor.Language.Test.csproj", "{E2D95310-84DA-4ED2-A1F0-0B34B029F579}"
EndProject
Project("{2150E333-8FDC-42A3-9474-1A3956D46DE8}") = "Microsoft.CodeAnalysis.Razor", "Microsoft.CodeAnalysis.Razor", "{C2E49955-A0B0-4F4A-B3AC-F120DCF9B13F}"
EndProject
Project("{9A19103F-16F7-4668-BE54-9A1E7A4F7556}") = "Microsoft.CodeAnalysis.Razor.Test", "src\Compiler\Microsoft.CodeAnalysis.Razor\test\Microsoft.CodeAnalysis.Razor.Test.csproj", "{D5CC33F8-6883-496C-AE99-8AE855784D13}"
EndProject
Project("{9A19103F-16F7-4668-BE54-9A1E7A4F7556}") = "Microsoft.AspNetCore.Razor.Microbenchmarks.Compiler", "src\Compiler\perf\Microbenchmarks\Microsoft.AspNetCore.Razor.Microbenchmarks.Compiler.csproj", "{7B1C5668-B4BC-45D9-AE4C-9C2382FC47A9}"
EndProject
Project("{2150E333-8FDC-42A3-9474-1A3956D46DE8}") = "sdk", "sdk", "{AA4EE974-E765-4B97-AF35-F734BF9830F6}"
EndProject
Project("{2150E333-8FDC-42A3-9474-1A3956D46DE8}") = "tools", "tools", "{FB7C870E-A173-4F75-BE63-4EF39C79A759}"
EndProject
Project("{9A19103F-16F7-4668-BE54-9A1E7A4F7556}") = "Microsoft.NET.Sdk.Razor.SourceGenerators.Transport", "src\Compiler\Microsoft.NET.Sdk.Razor.SourceGenerators.Transport\Microsoft.NET.Sdk.Razor.SourceGenerators.Transport.csproj", "{F5017FD5-EA78-4CD2-A1B6-F534910683F8}"
EndProject
Project("{9A19103F-16F7-4668-BE54-9A1E7A4F7556}") = "Microsoft.NET.Sdk.Razor.SourceGenerators.Test", "src\Compiler\test\Microsoft.NET.Sdk.Razor.SourceGenerators.Tests\Microsoft.NET.Sdk.Razor.SourceGenerators.Test.csproj", "{BD96BB0F-84DE-4A5F-8832-C8EADA36F43A}"
EndProject
Project("{9A19103F-16F7-4668-BE54-9A1E7A4F7556}") = "Microsoft.AspNetCore.Razor.Test.MvcShim.Version1_X.Compiler", "src\Compiler\test\Microsoft.AspNetCore.Razor.Test.MvcShim.Version1_X\Microsoft.AspNetCore.Razor.Test.MvcShim.Version1_X.Compiler.csproj", "{A0867F6B-3DBB-4743-B241-F59878BFA15D}"
EndProject
Project("{9A19103F-16F7-4668-BE54-9A1E7A4F7556}") = "Microsoft.AspNetCore.Razor.Test.MvcShim.Version2_X.Compiler", "src\Compiler\test\Microsoft.AspNetCore.Razor.Test.MvcShim.Version2_X\Microsoft.AspNetCore.Razor.Test.MvcShim.Version2_X.Compiler.csproj", "{B040B919-D8E3-4656-BD85-88A541AA893D}"
EndProject
Project("{9A19103F-16F7-4668-BE54-9A1E7A4F7556}") = "Microsoft.AspNetCore.Mvc.Razor.Extensions.Tooling.Internal", "src\Compiler\tools\Microsoft.AspNetCore.Mvc.Razor.Extensions.Tooling.Internal\Microsoft.AspNetCore.Mvc.Razor.Extensions.Tooling.Internal.csproj", "{907EDA43-B4D9-40DA-BA07-8E00DD89FA33}"
EndProject
Project("{9A19103F-16F7-4668-BE54-9A1E7A4F7556}") = "Microsoft.CodeAnalysis.Razor.Tooling.Internal", "src\Compiler\tools\Microsoft.CodeAnalysis.Razor.Tooling.Internal\Microsoft.CodeAnalysis.Razor.Tooling.Internal.csproj", "{97DE8703-467C-49A7-BCE4-42FF1FEC8AC2}"
EndProject
Project("{9A19103F-16F7-4668-BE54-9A1E7A4F7556}") = "RazorSyntaxGenerator", "src\Compiler\tools\RazorSyntaxGenerator\RazorSyntaxGenerator.csproj", "{A9F9B5E5-C5C2-4860-BE56-038C70ADBAC9}"
EndProject
Project("{2150E333-8FDC-42A3-9474-1A3956D46DE8}") = "Compiler Tests", "Compiler Tests", "{A5E2E4FA-6087-4C16-BB7A-89E23AA0F4E3}"
EndProject
Project("{9A19103F-16F7-4668-BE54-9A1E7A4F7556}") = "Microsoft.AspNetCore.Razor.Microbenchmarks.Generator", "src\Compiler\perf\Microsoft.AspNetCore.Razor.Microbenchmarks.Generator\Microsoft.AspNetCore.Razor.Microbenchmarks.Generator.csproj", "{7400A168-2552-49C7-93E3-D4DAA90C216F}"
EndProject
Project("{9A19103F-16F7-4668-BE54-9A1E7A4F7556}") = "Microsoft.VisualStudioCode.RazorExtension", "src\Razor\src\Microsoft.VisualStudioCode.RazorExtension\Microsoft.VisualStudioCode.RazorExtension.csproj", "{2223B8FD-D98A-47BE-94A9-6A3A6B8557B8}"
EndProject
Project("{9A19103F-16F7-4668-BE54-9A1E7A4F7556}") = "Microsoft.VisualStudioCode.RazorExtension.Test", "src\Razor\test\Microsoft.VisualStudioCode.RazorExtension.Test\Microsoft.VisualStudioCode.RazorExtension.Test.csproj", "{70C6EAF1-202B-481B-ADD4-D30DF1396BDE}"
EndProject
Project("{9A19103F-16F7-4668-BE54-9A1E7A4F7556}") = "Microsoft.Net.Compilers.Razor.Toolset", "src\Compiler\Microsoft.Net.Compilers.Razor.Toolset\Microsoft.Net.Compilers.Razor.Toolset.csproj", "{6117D32B-DDAE-4654-8260-783B27153E0B}"
EndProject
Project("{9A19103F-16F7-4668-BE54-9A1E7A4F7556}") = "Microsoft.AspNetCore.Razor.ExternalAccess.LegacyEditor", "src\Razor\src\Microsoft.AspNetCore.Razor.ExternalAccess.LegacyEditor\Microsoft.AspNetCore.Razor.ExternalAccess.LegacyEditor.csproj", "{53977089-1A87-4521-8368-0D50DFDA1279}"
EndProject
Project("{9A19103F-16F7-4668-BE54-9A1E7A4F7556}") = "Microsoft.AspNetCore.Razor.ExternalAccess.LegacyEditor.Test", "src\Razor\test\Microsoft.AspNetCore.Razor.ExternalAccess.LegacyEditor.Test\Microsoft.AspNetCore.Razor.ExternalAccess.LegacyEditor.Test.csproj", "{C0C2AD17-5F5B-4B11-956D-203D91C377FB}"
EndProject
Project("{9A19103F-16F7-4668-BE54-9A1E7A4F7556}") = "Microsoft.AspNetCore.Razor.Utilities.Shared.Test", "src\Shared\Microsoft.AspNetCore.Razor.Utilities.Shared.Test\Microsoft.AspNetCore.Razor.Utilities.Shared.Test.csproj", "{7275F376-1B63-49D3-8078-0F7CA15CC637}"
EndProject
Project("{9A19103F-16F7-4668-BE54-9A1E7A4F7556}") = "Microsoft.AspNetCore.Razor.Utilities.Shared", "src\Shared\Microsoft.AspNetCore.Razor.Utilities.Shared\Microsoft.AspNetCore.Razor.Utilities.Shared.csproj", "{BAFE178B-7AD4-41AE-A75D-9B920B9EA050}"
EndProject
Project("{2150E333-8FDC-42A3-9474-1A3956D46DE8}") = "Analyzers", "Analyzers", "{4AA319E0-C81E-47CC-841A-6EFCB6784A1F}"
EndProject
Project("{9A19103F-16F7-4668-BE54-9A1E7A4F7556}") = "Razor.Diagnostics.Analyzers", "src\Analyzers\Razor.Diagnostics.Analyzers\Razor.Diagnostics.Analyzers.csproj", "{45B207E2-DDB3-44F0-87C5-DEFB5A9534A5}"
EndProject
Project("{9A19103F-16F7-4668-BE54-9A1E7A4F7556}") = "Razor.Diagnostics.Analyzers.Test", "src\Analyzers\Razor.Diagnostics.Analyzers.Test\Razor.Diagnostics.Analyzers.Test.csproj", "{167F1426-D9AE-49DF-B214-F00536DBC305}"
EndProject
Project("{9A19103F-16F7-4668-BE54-9A1E7A4F7556}") = "Microsoft.VisualStudio.DevKit.Razor", "src\Razor\src\Microsoft.VisualStudio.DevKit.Razor\Microsoft.VisualStudio.DevKit.Razor.csproj", "{0F2D75D1-89AD-40A6-9F02-D45708AEA3EB}"
EndProject
Project("{9A19103F-16F7-4668-BE54-9A1E7A4F7556}") = "Microsoft.AspNetCore.Razor.Test.Common", "src\Shared\Microsoft.AspNetCore.Razor.Test.Common\Microsoft.AspNetCore.Razor.Test.Common.csproj", "{64A72A33-38B4-4C23-9E12-D7FEBD673FB7}"
EndProject
Project("{9A19103F-16F7-4668-BE54-9A1E7A4F7556}") = "Microsoft.AspNetCore.Razor.Language.Legacy.Test", "src\Compiler\Microsoft.AspNetCore.Razor.Language\legacyTest\Microsoft.AspNetCore.Razor.Language.Legacy.Test.csproj", "{C504C2D7-8313-46D8-A159-7EB79047C09C}"
EndProject
Project("{D954291E-2A0B-460D-934E-DC6B0785DB48}") = "Microsoft.AspNetCore.Razor.Serialization.Json", "src\Shared\Microsoft.AspNetCore.Razor.Serialization.Json\Microsoft.AspNetCore.Razor.Serialization.Json.shproj", "{CD6913F3-EC47-4470-9C45-F5F898615E9D}"
EndProject
Project("{9A19103F-16F7-4668-BE54-9A1E7A4F7556}") = "Microsoft.VisualStudio.LegacyEditor.Razor", "src\Razor\src\Microsoft.VisualStudio.LegacyEditor.Razor\Microsoft.VisualStudio.LegacyEditor.Razor.csproj", "{18E29992-32E3-4801-90EE-C8D8E76F637A}"
EndProject
Project("{9A19103F-16F7-4668-BE54-9A1E7A4F7556}") = "Microsoft.VisualStudio.LegacyEditor.Razor.Test", "src\Razor\test\Microsoft.VisualStudio.LegacyEditor.Razor.Test\Microsoft.VisualStudio.LegacyEditor.Razor.Test.csproj", "{094A024C-7DC1-487B-9F52-9D65CDFEE18D}"
EndProject
Project("{2150E333-8FDC-42A3-9474-1A3956D46DE8}") = "Microsoft.CodeAnalysis.Razor.Compiler", "Microsoft.CodeAnalysis.Razor.Compiler", "{440580F4-D746-49BB-AE8E-9F898483EA75}"
EndProject
Project("{9A19103F-16F7-4668-BE54-9A1E7A4F7556}") = "Microsoft.CodeAnalysis.Razor.Compiler", "src\Compiler\Microsoft.CodeAnalysis.Razor.Compiler\src\Microsoft.CodeAnalysis.Razor.Compiler.csproj", "{E102632D-EC30-474F-B2EB-6EB07ED45F27}"
EndProject
Global
	GlobalSection(SolutionConfigurationPlatforms) = preSolution
		Debug|Any CPU = Debug|Any CPU
		DebugNoVSIX|Any CPU = DebugNoVSIX|Any CPU
		Release|Any CPU = Release|Any CPU
		ReleaseNoVSIX|Any CPU = ReleaseNoVSIX|Any CPU
	EndGlobalSection
	GlobalSection(ProjectConfigurationPlatforms) = postSolution
		{BCF712D4-329A-4C7A-8292-9EFC864B2ABA}.Debug|Any CPU.ActiveCfg = Debug|Any CPU
		{BCF712D4-329A-4C7A-8292-9EFC864B2ABA}.Debug|Any CPU.Build.0 = Debug|Any CPU
		{BCF712D4-329A-4C7A-8292-9EFC864B2ABA}.DebugNoVSIX|Any CPU.ActiveCfg = Debug|Any CPU
		{BCF712D4-329A-4C7A-8292-9EFC864B2ABA}.DebugNoVSIX|Any CPU.Build.0 = Debug|Any CPU
		{BCF712D4-329A-4C7A-8292-9EFC864B2ABA}.Release|Any CPU.ActiveCfg = Release|Any CPU
		{BCF712D4-329A-4C7A-8292-9EFC864B2ABA}.Release|Any CPU.Build.0 = Release|Any CPU
		{BCF712D4-329A-4C7A-8292-9EFC864B2ABA}.ReleaseNoVSIX|Any CPU.ActiveCfg = Release|Any CPU
		{BCF712D4-329A-4C7A-8292-9EFC864B2ABA}.ReleaseNoVSIX|Any CPU.Build.0 = Release|Any CPU
		{0F265874-C592-448B-BC4F-3430AB03E0DC}.Debug|Any CPU.ActiveCfg = Debug|Any CPU
		{0F265874-C592-448B-BC4F-3430AB03E0DC}.Debug|Any CPU.Build.0 = Debug|Any CPU
		{0F265874-C592-448B-BC4F-3430AB03E0DC}.DebugNoVSIX|Any CPU.ActiveCfg = Debug|Any CPU
		{0F265874-C592-448B-BC4F-3430AB03E0DC}.DebugNoVSIX|Any CPU.Build.0 = Debug|Any CPU
		{0F265874-C592-448B-BC4F-3430AB03E0DC}.Release|Any CPU.ActiveCfg = Release|Any CPU
		{0F265874-C592-448B-BC4F-3430AB03E0DC}.Release|Any CPU.Build.0 = Release|Any CPU
		{0F265874-C592-448B-BC4F-3430AB03E0DC}.ReleaseNoVSIX|Any CPU.ActiveCfg = Release|Any CPU
		{0F265874-C592-448B-BC4F-3430AB03E0DC}.ReleaseNoVSIX|Any CPU.Build.0 = Release|Any CPU
		{4EAD959D-73B2-4FB2-B46F-16CEB1EF49D4}.Debug|Any CPU.ActiveCfg = Debug|Any CPU
		{4EAD959D-73B2-4FB2-B46F-16CEB1EF49D4}.Debug|Any CPU.Build.0 = Debug|Any CPU
		{4EAD959D-73B2-4FB2-B46F-16CEB1EF49D4}.DebugNoVSIX|Any CPU.ActiveCfg = Debug|Any CPU
		{4EAD959D-73B2-4FB2-B46F-16CEB1EF49D4}.DebugNoVSIX|Any CPU.Build.0 = Debug|Any CPU
		{4EAD959D-73B2-4FB2-B46F-16CEB1EF49D4}.Release|Any CPU.ActiveCfg = Release|Any CPU
		{4EAD959D-73B2-4FB2-B46F-16CEB1EF49D4}.Release|Any CPU.Build.0 = Release|Any CPU
		{4EAD959D-73B2-4FB2-B46F-16CEB1EF49D4}.ReleaseNoVSIX|Any CPU.ActiveCfg = Release|Any CPU
		{4EAD959D-73B2-4FB2-B46F-16CEB1EF49D4}.ReleaseNoVSIX|Any CPU.Build.0 = Release|Any CPU
		{E5D92DB7-5CBF-410A-9685-FF76F71EC96F}.Debug|Any CPU.ActiveCfg = Debug|Any CPU
		{E5D92DB7-5CBF-410A-9685-FF76F71EC96F}.Debug|Any CPU.Build.0 = Debug|Any CPU
		{E5D92DB7-5CBF-410A-9685-FF76F71EC96F}.DebugNoVSIX|Any CPU.ActiveCfg = Debug|Any CPU
		{E5D92DB7-5CBF-410A-9685-FF76F71EC96F}.DebugNoVSIX|Any CPU.Build.0 = Debug|Any CPU
		{E5D92DB7-5CBF-410A-9685-FF76F71EC96F}.Release|Any CPU.ActiveCfg = Release|Any CPU
		{E5D92DB7-5CBF-410A-9685-FF76F71EC96F}.Release|Any CPU.Build.0 = Release|Any CPU
		{E5D92DB7-5CBF-410A-9685-FF76F71EC96F}.ReleaseNoVSIX|Any CPU.ActiveCfg = Release|Any CPU
		{E5D92DB7-5CBF-410A-9685-FF76F71EC96F}.ReleaseNoVSIX|Any CPU.Build.0 = Release|Any CPU
		{37E61BDB-658E-4F44-A499-D64CC6D35485}.Debug|Any CPU.ActiveCfg = Debug|Any CPU
		{37E61BDB-658E-4F44-A499-D64CC6D35485}.Debug|Any CPU.Build.0 = Debug|Any CPU
		{37E61BDB-658E-4F44-A499-D64CC6D35485}.DebugNoVSIX|Any CPU.ActiveCfg = Debug|Any CPU
		{37E61BDB-658E-4F44-A499-D64CC6D35485}.DebugNoVSIX|Any CPU.Build.0 = Debug|Any CPU
		{37E61BDB-658E-4F44-A499-D64CC6D35485}.Release|Any CPU.ActiveCfg = Release|Any CPU
		{37E61BDB-658E-4F44-A499-D64CC6D35485}.Release|Any CPU.Build.0 = Release|Any CPU
		{37E61BDB-658E-4F44-A499-D64CC6D35485}.ReleaseNoVSIX|Any CPU.ActiveCfg = Release|Any CPU
		{37E61BDB-658E-4F44-A499-D64CC6D35485}.ReleaseNoVSIX|Any CPU.Build.0 = Release|Any CPU
		{078AEF36-F319-4CE2-BAA2-5B58A6536B46}.Debug|Any CPU.ActiveCfg = Debug|Any CPU
		{078AEF36-F319-4CE2-BAA2-5B58A6536B46}.Debug|Any CPU.Build.0 = Debug|Any CPU
		{078AEF36-F319-4CE2-BAA2-5B58A6536B46}.DebugNoVSIX|Any CPU.ActiveCfg = Debug|Any CPU
		{078AEF36-F319-4CE2-BAA2-5B58A6536B46}.DebugNoVSIX|Any CPU.Build.0 = Debug|Any CPU
		{078AEF36-F319-4CE2-BAA2-5B58A6536B46}.Release|Any CPU.ActiveCfg = Release|Any CPU
		{078AEF36-F319-4CE2-BAA2-5B58A6536B46}.Release|Any CPU.Build.0 = Release|Any CPU
		{078AEF36-F319-4CE2-BAA2-5B58A6536B46}.ReleaseNoVSIX|Any CPU.ActiveCfg = Release|Any CPU
		{078AEF36-F319-4CE2-BAA2-5B58A6536B46}.ReleaseNoVSIX|Any CPU.Build.0 = Release|Any CPU
		{C61AAE12-5007-4205-A220-68F354A7F235}.Debug|Any CPU.ActiveCfg = Debug|Any CPU
		{C61AAE12-5007-4205-A220-68F354A7F235}.Debug|Any CPU.Build.0 = Debug|Any CPU
		{C61AAE12-5007-4205-A220-68F354A7F235}.DebugNoVSIX|Any CPU.ActiveCfg = Debug|Any CPU
		{C61AAE12-5007-4205-A220-68F354A7F235}.DebugNoVSIX|Any CPU.Build.0 = Debug|Any CPU
		{C61AAE12-5007-4205-A220-68F354A7F235}.Release|Any CPU.ActiveCfg = Release|Any CPU
		{C61AAE12-5007-4205-A220-68F354A7F235}.Release|Any CPU.Build.0 = Release|Any CPU
		{C61AAE12-5007-4205-A220-68F354A7F235}.ReleaseNoVSIX|Any CPU.ActiveCfg = Release|Any CPU
		{C61AAE12-5007-4205-A220-68F354A7F235}.ReleaseNoVSIX|Any CPU.Build.0 = Release|Any CPU
		{6205467F-E381-4C42-AEEC-763BD62B3D5E}.Debug|Any CPU.ActiveCfg = Debug|Any CPU
		{6205467F-E381-4C42-AEEC-763BD62B3D5E}.Debug|Any CPU.Build.0 = Debug|Any CPU
		{6205467F-E381-4C42-AEEC-763BD62B3D5E}.DebugNoVSIX|Any CPU.ActiveCfg = Debug|Any CPU
		{6205467F-E381-4C42-AEEC-763BD62B3D5E}.DebugNoVSIX|Any CPU.Build.0 = Debug|Any CPU
		{6205467F-E381-4C42-AEEC-763BD62B3D5E}.Release|Any CPU.ActiveCfg = Release|Any CPU
		{6205467F-E381-4C42-AEEC-763BD62B3D5E}.Release|Any CPU.Build.0 = Release|Any CPU
		{6205467F-E381-4C42-AEEC-763BD62B3D5E}.ReleaseNoVSIX|Any CPU.ActiveCfg = Release|Any CPU
		{6205467F-E381-4C42-AEEC-763BD62B3D5E}.ReleaseNoVSIX|Any CPU.Build.0 = Release|Any CPU
		{1D15867E-E50F-4107-92A4-BBC2EE6B088C}.Debug|Any CPU.ActiveCfg = Debug|Any CPU
		{1D15867E-E50F-4107-92A4-BBC2EE6B088C}.Debug|Any CPU.Build.0 = Debug|Any CPU
		{1D15867E-E50F-4107-92A4-BBC2EE6B088C}.DebugNoVSIX|Any CPU.ActiveCfg = Debug|Any CPU
		{1D15867E-E50F-4107-92A4-BBC2EE6B088C}.DebugNoVSIX|Any CPU.Build.0 = Debug|Any CPU
		{1D15867E-E50F-4107-92A4-BBC2EE6B088C}.Release|Any CPU.ActiveCfg = Release|Any CPU
		{1D15867E-E50F-4107-92A4-BBC2EE6B088C}.Release|Any CPU.Build.0 = Release|Any CPU
		{1D15867E-E50F-4107-92A4-BBC2EE6B088C}.ReleaseNoVSIX|Any CPU.ActiveCfg = Release|Any CPU
		{1D15867E-E50F-4107-92A4-BBC2EE6B088C}.ReleaseNoVSIX|Any CPU.Build.0 = Release|Any CPU
		{FBAE9975-77BE-411B-A1A3-4790C8A367EF}.Debug|Any CPU.ActiveCfg = Debug|Any CPU
		{FBAE9975-77BE-411B-A1A3-4790C8A367EF}.Debug|Any CPU.Build.0 = Debug|Any CPU
		{FBAE9975-77BE-411B-A1A3-4790C8A367EF}.DebugNoVSIX|Any CPU.ActiveCfg = Debug|Any CPU
		{FBAE9975-77BE-411B-A1A3-4790C8A367EF}.DebugNoVSIX|Any CPU.Build.0 = Debug|Any CPU
		{FBAE9975-77BE-411B-A1A3-4790C8A367EF}.Release|Any CPU.ActiveCfg = Release|Any CPU
		{FBAE9975-77BE-411B-A1A3-4790C8A367EF}.Release|Any CPU.Build.0 = Release|Any CPU
		{FBAE9975-77BE-411B-A1A3-4790C8A367EF}.ReleaseNoVSIX|Any CPU.ActiveCfg = Release|Any CPU
		{FBAE9975-77BE-411B-A1A3-4790C8A367EF}.ReleaseNoVSIX|Any CPU.Build.0 = Release|Any CPU
		{35FEC0EA-09B5-45D2-832D-D6FEBA364871}.Debug|Any CPU.ActiveCfg = Debug|Any CPU
		{35FEC0EA-09B5-45D2-832D-D6FEBA364871}.Debug|Any CPU.Build.0 = Debug|Any CPU
		{35FEC0EA-09B5-45D2-832D-D6FEBA364871}.DebugNoVSIX|Any CPU.ActiveCfg = Debug|Any CPU
		{35FEC0EA-09B5-45D2-832D-D6FEBA364871}.DebugNoVSIX|Any CPU.Build.0 = Debug|Any CPU
		{35FEC0EA-09B5-45D2-832D-D6FEBA364871}.Release|Any CPU.ActiveCfg = Release|Any CPU
		{35FEC0EA-09B5-45D2-832D-D6FEBA364871}.Release|Any CPU.Build.0 = Release|Any CPU
		{35FEC0EA-09B5-45D2-832D-D6FEBA364871}.ReleaseNoVSIX|Any CPU.ActiveCfg = Release|Any CPU
		{35FEC0EA-09B5-45D2-832D-D6FEBA364871}.ReleaseNoVSIX|Any CPU.Build.0 = Release|Any CPU
		{0D6FD2CD-3C0A-452B-AC12-DE6301C287AC}.Debug|Any CPU.ActiveCfg = Debug|Any CPU
		{0D6FD2CD-3C0A-452B-AC12-DE6301C287AC}.Debug|Any CPU.Build.0 = Debug|Any CPU
		{0D6FD2CD-3C0A-452B-AC12-DE6301C287AC}.DebugNoVSIX|Any CPU.ActiveCfg = Debug|Any CPU
		{0D6FD2CD-3C0A-452B-AC12-DE6301C287AC}.DebugNoVSIX|Any CPU.Build.0 = Debug|Any CPU
		{0D6FD2CD-3C0A-452B-AC12-DE6301C287AC}.Release|Any CPU.ActiveCfg = Release|Any CPU
		{0D6FD2CD-3C0A-452B-AC12-DE6301C287AC}.Release|Any CPU.Build.0 = Release|Any CPU
		{0D6FD2CD-3C0A-452B-AC12-DE6301C287AC}.ReleaseNoVSIX|Any CPU.ActiveCfg = Release|Any CPU
		{0D6FD2CD-3C0A-452B-AC12-DE6301C287AC}.ReleaseNoVSIX|Any CPU.Build.0 = Release|Any CPU
		{0FC409AF-B92B-42D0-9096-1F20360D2672}.Debug|Any CPU.ActiveCfg = Debug|Any CPU
		{0FC409AF-B92B-42D0-9096-1F20360D2672}.Debug|Any CPU.Build.0 = Debug|Any CPU
		{0FC409AF-B92B-42D0-9096-1F20360D2672}.DebugNoVSIX|Any CPU.ActiveCfg = Debug|Any CPU
		{0FC409AF-B92B-42D0-9096-1F20360D2672}.DebugNoVSIX|Any CPU.Build.0 = Debug|Any CPU
		{0FC409AF-B92B-42D0-9096-1F20360D2672}.Release|Any CPU.ActiveCfg = Release|Any CPU
		{0FC409AF-B92B-42D0-9096-1F20360D2672}.Release|Any CPU.Build.0 = Release|Any CPU
		{0FC409AF-B92B-42D0-9096-1F20360D2672}.ReleaseNoVSIX|Any CPU.ActiveCfg = Release|Any CPU
		{0FC409AF-B92B-42D0-9096-1F20360D2672}.ReleaseNoVSIX|Any CPU.Build.0 = Release|Any CPU
		{39233703-B752-43AC-AD86-E9D3E61B4AD9}.Debug|Any CPU.ActiveCfg = Debug|Any CPU
		{39233703-B752-43AC-AD86-E9D3E61B4AD9}.Debug|Any CPU.Build.0 = Debug|Any CPU
		{39233703-B752-43AC-AD86-E9D3E61B4AD9}.DebugNoVSIX|Any CPU.ActiveCfg = Debug|Any CPU
		{39233703-B752-43AC-AD86-E9D3E61B4AD9}.DebugNoVSIX|Any CPU.Build.0 = Debug|Any CPU
		{39233703-B752-43AC-AD86-E9D3E61B4AD9}.Release|Any CPU.ActiveCfg = Release|Any CPU
		{39233703-B752-43AC-AD86-E9D3E61B4AD9}.Release|Any CPU.Build.0 = Release|Any CPU
		{39233703-B752-43AC-AD86-E9D3E61B4AD9}.ReleaseNoVSIX|Any CPU.ActiveCfg = Release|Any CPU
		{39233703-B752-43AC-AD86-E9D3E61B4AD9}.ReleaseNoVSIX|Any CPU.Build.0 = Release|Any CPU
		{17C4A6DF-3AA5-43FE-8A0E-53DF14340446}.Debug|Any CPU.ActiveCfg = Debug|Any CPU
		{17C4A6DF-3AA5-43FE-8A0E-53DF14340446}.Debug|Any CPU.Build.0 = Debug|Any CPU
		{17C4A6DF-3AA5-43FE-8A0E-53DF14340446}.DebugNoVSIX|Any CPU.ActiveCfg = Debug|Any CPU
		{17C4A6DF-3AA5-43FE-8A0E-53DF14340446}.DebugNoVSIX|Any CPU.Build.0 = Debug|Any CPU
		{17C4A6DF-3AA5-43FE-8A0E-53DF14340446}.Release|Any CPU.ActiveCfg = Release|Any CPU
		{17C4A6DF-3AA5-43FE-8A0E-53DF14340446}.Release|Any CPU.Build.0 = Release|Any CPU
		{17C4A6DF-3AA5-43FE-8A0E-53DF14340446}.ReleaseNoVSIX|Any CPU.ActiveCfg = Release|Any CPU
		{17C4A6DF-3AA5-43FE-8A0E-53DF14340446}.ReleaseNoVSIX|Any CPU.Build.0 = Release|Any CPU
		{8CEC0991-259F-4313-B3EF-E398F2B40E61}.Debug|Any CPU.ActiveCfg = Debug|Any CPU
		{8CEC0991-259F-4313-B3EF-E398F2B40E61}.Debug|Any CPU.Build.0 = Debug|Any CPU
		{8CEC0991-259F-4313-B3EF-E398F2B40E61}.DebugNoVSIX|Any CPU.ActiveCfg = Debug|Any CPU
		{8CEC0991-259F-4313-B3EF-E398F2B40E61}.DebugNoVSIX|Any CPU.Build.0 = Debug|Any CPU
		{8CEC0991-259F-4313-B3EF-E398F2B40E61}.Release|Any CPU.ActiveCfg = Release|Any CPU
		{8CEC0991-259F-4313-B3EF-E398F2B40E61}.Release|Any CPU.Build.0 = Release|Any CPU
		{8CEC0991-259F-4313-B3EF-E398F2B40E61}.ReleaseNoVSIX|Any CPU.ActiveCfg = Release|Any CPU
		{8CEC0991-259F-4313-B3EF-E398F2B40E61}.ReleaseNoVSIX|Any CPU.Build.0 = Release|Any CPU
		{87D808DC-5C9D-4D72-A9B7-C828A8DC09FA}.Debug|Any CPU.ActiveCfg = Debug|Any CPU
		{87D808DC-5C9D-4D72-A9B7-C828A8DC09FA}.Debug|Any CPU.Build.0 = Debug|Any CPU
		{87D808DC-5C9D-4D72-A9B7-C828A8DC09FA}.DebugNoVSIX|Any CPU.ActiveCfg = Debug|Any CPU
		{87D808DC-5C9D-4D72-A9B7-C828A8DC09FA}.DebugNoVSIX|Any CPU.Build.0 = Debug|Any CPU
		{87D808DC-5C9D-4D72-A9B7-C828A8DC09FA}.Release|Any CPU.ActiveCfg = Release|Any CPU
		{87D808DC-5C9D-4D72-A9B7-C828A8DC09FA}.Release|Any CPU.Build.0 = Release|Any CPU
		{87D808DC-5C9D-4D72-A9B7-C828A8DC09FA}.ReleaseNoVSIX|Any CPU.ActiveCfg = Release|Any CPU
		{87D808DC-5C9D-4D72-A9B7-C828A8DC09FA}.ReleaseNoVSIX|Any CPU.Build.0 = Release|Any CPU
		{0C7CB1C1-6CA3-42A1-AE3A-71A4DF581AC3}.Debug|Any CPU.ActiveCfg = Debug|Any CPU
		{0C7CB1C1-6CA3-42A1-AE3A-71A4DF581AC3}.Debug|Any CPU.Build.0 = Debug|Any CPU
		{0C7CB1C1-6CA3-42A1-AE3A-71A4DF581AC3}.DebugNoVSIX|Any CPU.ActiveCfg = Debug|Any CPU
		{0C7CB1C1-6CA3-42A1-AE3A-71A4DF581AC3}.DebugNoVSIX|Any CPU.Build.0 = Debug|Any CPU
		{0C7CB1C1-6CA3-42A1-AE3A-71A4DF581AC3}.Release|Any CPU.ActiveCfg = Release|Any CPU
		{0C7CB1C1-6CA3-42A1-AE3A-71A4DF581AC3}.Release|Any CPU.Build.0 = Release|Any CPU
		{0C7CB1C1-6CA3-42A1-AE3A-71A4DF581AC3}.ReleaseNoVSIX|Any CPU.ActiveCfg = Release|Any CPU
		{0C7CB1C1-6CA3-42A1-AE3A-71A4DF581AC3}.ReleaseNoVSIX|Any CPU.Build.0 = Release|Any CPU
		{7BDA653C-6164-4ACB-913B-C7BB91E2390A}.Debug|Any CPU.ActiveCfg = Debug|Any CPU
		{7BDA653C-6164-4ACB-913B-C7BB91E2390A}.Debug|Any CPU.Build.0 = Debug|Any CPU
		{7BDA653C-6164-4ACB-913B-C7BB91E2390A}.DebugNoVSIX|Any CPU.ActiveCfg = Debug|Any CPU
		{7BDA653C-6164-4ACB-913B-C7BB91E2390A}.DebugNoVSIX|Any CPU.Build.0 = Debug|Any CPU
		{7BDA653C-6164-4ACB-913B-C7BB91E2390A}.Release|Any CPU.ActiveCfg = Release|Any CPU
		{7BDA653C-6164-4ACB-913B-C7BB91E2390A}.Release|Any CPU.Build.0 = Release|Any CPU
		{7BDA653C-6164-4ACB-913B-C7BB91E2390A}.ReleaseNoVSIX|Any CPU.ActiveCfg = Release|Any CPU
		{7BDA653C-6164-4ACB-913B-C7BB91E2390A}.ReleaseNoVSIX|Any CPU.Build.0 = Release|Any CPU
		{1E26FEFF-20D6-4E3B-8DE5-F350919BB73D}.Debug|Any CPU.ActiveCfg = Debug|Any CPU
		{1E26FEFF-20D6-4E3B-8DE5-F350919BB73D}.Debug|Any CPU.Build.0 = Debug|Any CPU
		{1E26FEFF-20D6-4E3B-8DE5-F350919BB73D}.DebugNoVSIX|Any CPU.ActiveCfg = Debug|Any CPU
		{1E26FEFF-20D6-4E3B-8DE5-F350919BB73D}.DebugNoVSIX|Any CPU.Build.0 = Debug|Any CPU
		{1E26FEFF-20D6-4E3B-8DE5-F350919BB73D}.Release|Any CPU.ActiveCfg = Release|Any CPU
		{1E26FEFF-20D6-4E3B-8DE5-F350919BB73D}.Release|Any CPU.Build.0 = Release|Any CPU
		{1E26FEFF-20D6-4E3B-8DE5-F350919BB73D}.ReleaseNoVSIX|Any CPU.ActiveCfg = Release|Any CPU
		{1E26FEFF-20D6-4E3B-8DE5-F350919BB73D}.ReleaseNoVSIX|Any CPU.Build.0 = Release|Any CPU
		{D811DDE3-FDE4-4E9E-837B-11AF73465768}.Debug|Any CPU.ActiveCfg = Debug|Any CPU
		{D811DDE3-FDE4-4E9E-837B-11AF73465768}.Debug|Any CPU.Build.0 = Debug|Any CPU
		{D811DDE3-FDE4-4E9E-837B-11AF73465768}.DebugNoVSIX|Any CPU.ActiveCfg = Debug|Any CPU
		{D811DDE3-FDE4-4E9E-837B-11AF73465768}.DebugNoVSIX|Any CPU.Build.0 = Debug|Any CPU
		{D811DDE3-FDE4-4E9E-837B-11AF73465768}.Release|Any CPU.ActiveCfg = Release|Any CPU
		{D811DDE3-FDE4-4E9E-837B-11AF73465768}.Release|Any CPU.Build.0 = Release|Any CPU
		{D811DDE3-FDE4-4E9E-837B-11AF73465768}.ReleaseNoVSIX|Any CPU.ActiveCfg = Release|Any CPU
		{D811DDE3-FDE4-4E9E-837B-11AF73465768}.ReleaseNoVSIX|Any CPU.Build.0 = Release|Any CPU
		{E2D95310-84DA-4ED2-A1F0-0B34B029F579}.Debug|Any CPU.ActiveCfg = Debug|Any CPU
		{E2D95310-84DA-4ED2-A1F0-0B34B029F579}.Debug|Any CPU.Build.0 = Debug|Any CPU
		{E2D95310-84DA-4ED2-A1F0-0B34B029F579}.DebugNoVSIX|Any CPU.ActiveCfg = Debug|Any CPU
		{E2D95310-84DA-4ED2-A1F0-0B34B029F579}.DebugNoVSIX|Any CPU.Build.0 = Debug|Any CPU
		{E2D95310-84DA-4ED2-A1F0-0B34B029F579}.Release|Any CPU.ActiveCfg = Release|Any CPU
		{E2D95310-84DA-4ED2-A1F0-0B34B029F579}.Release|Any CPU.Build.0 = Release|Any CPU
		{E2D95310-84DA-4ED2-A1F0-0B34B029F579}.ReleaseNoVSIX|Any CPU.ActiveCfg = Release|Any CPU
		{E2D95310-84DA-4ED2-A1F0-0B34B029F579}.ReleaseNoVSIX|Any CPU.Build.0 = Release|Any CPU
		{D5CC33F8-6883-496C-AE99-8AE855784D13}.Debug|Any CPU.ActiveCfg = Debug|Any CPU
		{D5CC33F8-6883-496C-AE99-8AE855784D13}.Debug|Any CPU.Build.0 = Debug|Any CPU
		{D5CC33F8-6883-496C-AE99-8AE855784D13}.DebugNoVSIX|Any CPU.ActiveCfg = Debug|Any CPU
		{D5CC33F8-6883-496C-AE99-8AE855784D13}.DebugNoVSIX|Any CPU.Build.0 = Debug|Any CPU
		{D5CC33F8-6883-496C-AE99-8AE855784D13}.Release|Any CPU.ActiveCfg = Release|Any CPU
		{D5CC33F8-6883-496C-AE99-8AE855784D13}.Release|Any CPU.Build.0 = Release|Any CPU
		{D5CC33F8-6883-496C-AE99-8AE855784D13}.ReleaseNoVSIX|Any CPU.ActiveCfg = Release|Any CPU
		{D5CC33F8-6883-496C-AE99-8AE855784D13}.ReleaseNoVSIX|Any CPU.Build.0 = Release|Any CPU
		{7B1C5668-B4BC-45D9-AE4C-9C2382FC47A9}.Debug|Any CPU.ActiveCfg = Debug|Any CPU
		{7B1C5668-B4BC-45D9-AE4C-9C2382FC47A9}.Debug|Any CPU.Build.0 = Debug|Any CPU
		{7B1C5668-B4BC-45D9-AE4C-9C2382FC47A9}.DebugNoVSIX|Any CPU.ActiveCfg = Debug|Any CPU
		{7B1C5668-B4BC-45D9-AE4C-9C2382FC47A9}.DebugNoVSIX|Any CPU.Build.0 = Debug|Any CPU
		{7B1C5668-B4BC-45D9-AE4C-9C2382FC47A9}.Release|Any CPU.ActiveCfg = Release|Any CPU
		{7B1C5668-B4BC-45D9-AE4C-9C2382FC47A9}.Release|Any CPU.Build.0 = Release|Any CPU
		{7B1C5668-B4BC-45D9-AE4C-9C2382FC47A9}.ReleaseNoVSIX|Any CPU.ActiveCfg = Release|Any CPU
		{7B1C5668-B4BC-45D9-AE4C-9C2382FC47A9}.ReleaseNoVSIX|Any CPU.Build.0 = Release|Any CPU
		{F5017FD5-EA78-4CD2-A1B6-F534910683F8}.Debug|Any CPU.ActiveCfg = Debug|Any CPU
		{F5017FD5-EA78-4CD2-A1B6-F534910683F8}.Debug|Any CPU.Build.0 = Debug|Any CPU
		{F5017FD5-EA78-4CD2-A1B6-F534910683F8}.DebugNoVSIX|Any CPU.ActiveCfg = Debug|Any CPU
		{F5017FD5-EA78-4CD2-A1B6-F534910683F8}.DebugNoVSIX|Any CPU.Build.0 = Debug|Any CPU
		{F5017FD5-EA78-4CD2-A1B6-F534910683F8}.Release|Any CPU.ActiveCfg = Release|Any CPU
		{F5017FD5-EA78-4CD2-A1B6-F534910683F8}.Release|Any CPU.Build.0 = Release|Any CPU
		{F5017FD5-EA78-4CD2-A1B6-F534910683F8}.ReleaseNoVSIX|Any CPU.ActiveCfg = Release|Any CPU
		{F5017FD5-EA78-4CD2-A1B6-F534910683F8}.ReleaseNoVSIX|Any CPU.Build.0 = Release|Any CPU
		{BD96BB0F-84DE-4A5F-8832-C8EADA36F43A}.Debug|Any CPU.ActiveCfg = Debug|Any CPU
		{BD96BB0F-84DE-4A5F-8832-C8EADA36F43A}.Debug|Any CPU.Build.0 = Debug|Any CPU
		{BD96BB0F-84DE-4A5F-8832-C8EADA36F43A}.DebugNoVSIX|Any CPU.ActiveCfg = Debug|Any CPU
		{BD96BB0F-84DE-4A5F-8832-C8EADA36F43A}.DebugNoVSIX|Any CPU.Build.0 = Debug|Any CPU
		{BD96BB0F-84DE-4A5F-8832-C8EADA36F43A}.Release|Any CPU.ActiveCfg = Release|Any CPU
		{BD96BB0F-84DE-4A5F-8832-C8EADA36F43A}.Release|Any CPU.Build.0 = Release|Any CPU
		{BD96BB0F-84DE-4A5F-8832-C8EADA36F43A}.ReleaseNoVSIX|Any CPU.ActiveCfg = Release|Any CPU
		{BD96BB0F-84DE-4A5F-8832-C8EADA36F43A}.ReleaseNoVSIX|Any CPU.Build.0 = Release|Any CPU
		{A0867F6B-3DBB-4743-B241-F59878BFA15D}.Debug|Any CPU.ActiveCfg = Debug|Any CPU
		{A0867F6B-3DBB-4743-B241-F59878BFA15D}.Debug|Any CPU.Build.0 = Debug|Any CPU
		{A0867F6B-3DBB-4743-B241-F59878BFA15D}.DebugNoVSIX|Any CPU.ActiveCfg = Debug|Any CPU
		{A0867F6B-3DBB-4743-B241-F59878BFA15D}.DebugNoVSIX|Any CPU.Build.0 = Debug|Any CPU
		{A0867F6B-3DBB-4743-B241-F59878BFA15D}.Release|Any CPU.ActiveCfg = Release|Any CPU
		{A0867F6B-3DBB-4743-B241-F59878BFA15D}.Release|Any CPU.Build.0 = Release|Any CPU
		{A0867F6B-3DBB-4743-B241-F59878BFA15D}.ReleaseNoVSIX|Any CPU.ActiveCfg = Release|Any CPU
		{A0867F6B-3DBB-4743-B241-F59878BFA15D}.ReleaseNoVSIX|Any CPU.Build.0 = Release|Any CPU
		{B040B919-D8E3-4656-BD85-88A541AA893D}.Debug|Any CPU.ActiveCfg = Debug|Any CPU
		{B040B919-D8E3-4656-BD85-88A541AA893D}.Debug|Any CPU.Build.0 = Debug|Any CPU
		{B040B919-D8E3-4656-BD85-88A541AA893D}.DebugNoVSIX|Any CPU.ActiveCfg = Debug|Any CPU
		{B040B919-D8E3-4656-BD85-88A541AA893D}.DebugNoVSIX|Any CPU.Build.0 = Debug|Any CPU
		{B040B919-D8E3-4656-BD85-88A541AA893D}.Release|Any CPU.ActiveCfg = Release|Any CPU
		{B040B919-D8E3-4656-BD85-88A541AA893D}.Release|Any CPU.Build.0 = Release|Any CPU
		{B040B919-D8E3-4656-BD85-88A541AA893D}.ReleaseNoVSIX|Any CPU.ActiveCfg = Release|Any CPU
		{B040B919-D8E3-4656-BD85-88A541AA893D}.ReleaseNoVSIX|Any CPU.Build.0 = Release|Any CPU
		{907EDA43-B4D9-40DA-BA07-8E00DD89FA33}.Debug|Any CPU.ActiveCfg = Debug|Any CPU
		{907EDA43-B4D9-40DA-BA07-8E00DD89FA33}.Debug|Any CPU.Build.0 = Debug|Any CPU
		{907EDA43-B4D9-40DA-BA07-8E00DD89FA33}.DebugNoVSIX|Any CPU.ActiveCfg = Debug|Any CPU
		{907EDA43-B4D9-40DA-BA07-8E00DD89FA33}.DebugNoVSIX|Any CPU.Build.0 = Debug|Any CPU
		{907EDA43-B4D9-40DA-BA07-8E00DD89FA33}.Release|Any CPU.ActiveCfg = Release|Any CPU
		{907EDA43-B4D9-40DA-BA07-8E00DD89FA33}.Release|Any CPU.Build.0 = Release|Any CPU
		{907EDA43-B4D9-40DA-BA07-8E00DD89FA33}.ReleaseNoVSIX|Any CPU.ActiveCfg = Release|Any CPU
		{907EDA43-B4D9-40DA-BA07-8E00DD89FA33}.ReleaseNoVSIX|Any CPU.Build.0 = Release|Any CPU
		{97DE8703-467C-49A7-BCE4-42FF1FEC8AC2}.Debug|Any CPU.ActiveCfg = Debug|Any CPU
		{97DE8703-467C-49A7-BCE4-42FF1FEC8AC2}.Debug|Any CPU.Build.0 = Debug|Any CPU
		{97DE8703-467C-49A7-BCE4-42FF1FEC8AC2}.DebugNoVSIX|Any CPU.ActiveCfg = Debug|Any CPU
		{97DE8703-467C-49A7-BCE4-42FF1FEC8AC2}.DebugNoVSIX|Any CPU.Build.0 = Debug|Any CPU
		{97DE8703-467C-49A7-BCE4-42FF1FEC8AC2}.Release|Any CPU.ActiveCfg = Release|Any CPU
		{97DE8703-467C-49A7-BCE4-42FF1FEC8AC2}.Release|Any CPU.Build.0 = Release|Any CPU
		{97DE8703-467C-49A7-BCE4-42FF1FEC8AC2}.ReleaseNoVSIX|Any CPU.ActiveCfg = Release|Any CPU
		{97DE8703-467C-49A7-BCE4-42FF1FEC8AC2}.ReleaseNoVSIX|Any CPU.Build.0 = Release|Any CPU
		{A9F9B5E5-C5C2-4860-BE56-038C70ADBAC9}.Debug|Any CPU.ActiveCfg = Debug|Any CPU
		{A9F9B5E5-C5C2-4860-BE56-038C70ADBAC9}.Debug|Any CPU.Build.0 = Debug|Any CPU
		{A9F9B5E5-C5C2-4860-BE56-038C70ADBAC9}.DebugNoVSIX|Any CPU.ActiveCfg = Debug|Any CPU
		{A9F9B5E5-C5C2-4860-BE56-038C70ADBAC9}.DebugNoVSIX|Any CPU.Build.0 = Debug|Any CPU
		{A9F9B5E5-C5C2-4860-BE56-038C70ADBAC9}.Release|Any CPU.ActiveCfg = Release|Any CPU
		{A9F9B5E5-C5C2-4860-BE56-038C70ADBAC9}.Release|Any CPU.Build.0 = Release|Any CPU
		{A9F9B5E5-C5C2-4860-BE56-038C70ADBAC9}.ReleaseNoVSIX|Any CPU.ActiveCfg = Release|Any CPU
		{A9F9B5E5-C5C2-4860-BE56-038C70ADBAC9}.ReleaseNoVSIX|Any CPU.Build.0 = Release|Any CPU
		{7400A168-2552-49C7-93E3-D4DAA90C216F}.Debug|Any CPU.ActiveCfg = Debug|Any CPU
		{7400A168-2552-49C7-93E3-D4DAA90C216F}.Debug|Any CPU.Build.0 = Debug|Any CPU
		{7400A168-2552-49C7-93E3-D4DAA90C216F}.DebugNoVSIX|Any CPU.ActiveCfg = Debug|Any CPU
		{7400A168-2552-49C7-93E3-D4DAA90C216F}.DebugNoVSIX|Any CPU.Build.0 = Debug|Any CPU
		{7400A168-2552-49C7-93E3-D4DAA90C216F}.Release|Any CPU.ActiveCfg = Release|Any CPU
		{7400A168-2552-49C7-93E3-D4DAA90C216F}.Release|Any CPU.Build.0 = Release|Any CPU
		{7400A168-2552-49C7-93E3-D4DAA90C216F}.ReleaseNoVSIX|Any CPU.ActiveCfg = Release|Any CPU
		{7400A168-2552-49C7-93E3-D4DAA90C216F}.ReleaseNoVSIX|Any CPU.Build.0 = Release|Any CPU
		{2223B8FD-D98A-47BE-94A9-6A3A6B8557B8}.Debug|Any CPU.ActiveCfg = Debug|Any CPU
		{2223B8FD-D98A-47BE-94A9-6A3A6B8557B8}.Debug|Any CPU.Build.0 = Debug|Any CPU
		{2223B8FD-D98A-47BE-94A9-6A3A6B8557B8}.DebugNoVSIX|Any CPU.ActiveCfg = Debug|Any CPU
		{2223B8FD-D98A-47BE-94A9-6A3A6B8557B8}.DebugNoVSIX|Any CPU.Build.0 = Debug|Any CPU
		{2223B8FD-D98A-47BE-94A9-6A3A6B8557B8}.Release|Any CPU.ActiveCfg = Release|Any CPU
		{2223B8FD-D98A-47BE-94A9-6A3A6B8557B8}.Release|Any CPU.Build.0 = Release|Any CPU
		{2223B8FD-D98A-47BE-94A9-6A3A6B8557B8}.ReleaseNoVSIX|Any CPU.ActiveCfg = Release|Any CPU
		{2223B8FD-D98A-47BE-94A9-6A3A6B8557B8}.ReleaseNoVSIX|Any CPU.Build.0 = Release|Any CPU
		{70C6EAF1-202B-481B-ADD4-D30DF1396BDE}.Debug|Any CPU.ActiveCfg = Debug|Any CPU
		{70C6EAF1-202B-481B-ADD4-D30DF1396BDE}.Debug|Any CPU.Build.0 = Debug|Any CPU
		{70C6EAF1-202B-481B-ADD4-D30DF1396BDE}.DebugNoVSIX|Any CPU.ActiveCfg = Debug|Any CPU
		{70C6EAF1-202B-481B-ADD4-D30DF1396BDE}.DebugNoVSIX|Any CPU.Build.0 = Debug|Any CPU
		{70C6EAF1-202B-481B-ADD4-D30DF1396BDE}.Release|Any CPU.ActiveCfg = Release|Any CPU
		{70C6EAF1-202B-481B-ADD4-D30DF1396BDE}.Release|Any CPU.Build.0 = Release|Any CPU
		{70C6EAF1-202B-481B-ADD4-D30DF1396BDE}.ReleaseNoVSIX|Any CPU.ActiveCfg = Release|Any CPU
		{70C6EAF1-202B-481B-ADD4-D30DF1396BDE}.ReleaseNoVSIX|Any CPU.Build.0 = Release|Any CPU
		{6117D32B-DDAE-4654-8260-783B27153E0B}.Debug|Any CPU.ActiveCfg = Debug|Any CPU
		{6117D32B-DDAE-4654-8260-783B27153E0B}.Debug|Any CPU.Build.0 = Debug|Any CPU
		{6117D32B-DDAE-4654-8260-783B27153E0B}.DebugNoVSIX|Any CPU.ActiveCfg = Debug|Any CPU
		{6117D32B-DDAE-4654-8260-783B27153E0B}.DebugNoVSIX|Any CPU.Build.0 = Debug|Any CPU
		{6117D32B-DDAE-4654-8260-783B27153E0B}.Release|Any CPU.ActiveCfg = Release|Any CPU
		{6117D32B-DDAE-4654-8260-783B27153E0B}.Release|Any CPU.Build.0 = Release|Any CPU
		{6117D32B-DDAE-4654-8260-783B27153E0B}.ReleaseNoVSIX|Any CPU.ActiveCfg = Debug|Any CPU
		{6117D32B-DDAE-4654-8260-783B27153E0B}.ReleaseNoVSIX|Any CPU.Build.0 = Debug|Any CPU
		{53977089-1A87-4521-8368-0D50DFDA1279}.Debug|Any CPU.ActiveCfg = Debug|Any CPU
		{53977089-1A87-4521-8368-0D50DFDA1279}.Debug|Any CPU.Build.0 = Debug|Any CPU
		{53977089-1A87-4521-8368-0D50DFDA1279}.DebugNoVSIX|Any CPU.ActiveCfg = Debug|Any CPU
		{53977089-1A87-4521-8368-0D50DFDA1279}.DebugNoVSIX|Any CPU.Build.0 = Debug|Any CPU
		{53977089-1A87-4521-8368-0D50DFDA1279}.Release|Any CPU.ActiveCfg = Release|Any CPU
		{53977089-1A87-4521-8368-0D50DFDA1279}.Release|Any CPU.Build.0 = Release|Any CPU
		{53977089-1A87-4521-8368-0D50DFDA1279}.ReleaseNoVSIX|Any CPU.ActiveCfg = Release|Any CPU
		{53977089-1A87-4521-8368-0D50DFDA1279}.ReleaseNoVSIX|Any CPU.Build.0 = Release|Any CPU
		{C0C2AD17-5F5B-4B11-956D-203D91C377FB}.Debug|Any CPU.ActiveCfg = Debug|Any CPU
		{C0C2AD17-5F5B-4B11-956D-203D91C377FB}.Debug|Any CPU.Build.0 = Debug|Any CPU
		{C0C2AD17-5F5B-4B11-956D-203D91C377FB}.DebugNoVSIX|Any CPU.ActiveCfg = Debug|Any CPU
		{C0C2AD17-5F5B-4B11-956D-203D91C377FB}.DebugNoVSIX|Any CPU.Build.0 = Debug|Any CPU
		{C0C2AD17-5F5B-4B11-956D-203D91C377FB}.Release|Any CPU.ActiveCfg = Release|Any CPU
		{C0C2AD17-5F5B-4B11-956D-203D91C377FB}.Release|Any CPU.Build.0 = Release|Any CPU
		{C0C2AD17-5F5B-4B11-956D-203D91C377FB}.ReleaseNoVSIX|Any CPU.ActiveCfg = Release|Any CPU
		{C0C2AD17-5F5B-4B11-956D-203D91C377FB}.ReleaseNoVSIX|Any CPU.Build.0 = Release|Any CPU
		{7275F376-1B63-49D3-8078-0F7CA15CC637}.Debug|Any CPU.ActiveCfg = Debug|Any CPU
		{7275F376-1B63-49D3-8078-0F7CA15CC637}.Debug|Any CPU.Build.0 = Debug|Any CPU
		{7275F376-1B63-49D3-8078-0F7CA15CC637}.DebugNoVSIX|Any CPU.ActiveCfg = Debug|Any CPU
		{7275F376-1B63-49D3-8078-0F7CA15CC637}.DebugNoVSIX|Any CPU.Build.0 = Debug|Any CPU
		{7275F376-1B63-49D3-8078-0F7CA15CC637}.Release|Any CPU.ActiveCfg = Release|Any CPU
		{7275F376-1B63-49D3-8078-0F7CA15CC637}.Release|Any CPU.Build.0 = Release|Any CPU
		{7275F376-1B63-49D3-8078-0F7CA15CC637}.ReleaseNoVSIX|Any CPU.ActiveCfg = Release|Any CPU
		{7275F376-1B63-49D3-8078-0F7CA15CC637}.ReleaseNoVSIX|Any CPU.Build.0 = Release|Any CPU
		{BAFE178B-7AD4-41AE-A75D-9B920B9EA050}.Debug|Any CPU.ActiveCfg = Debug|Any CPU
		{BAFE178B-7AD4-41AE-A75D-9B920B9EA050}.Debug|Any CPU.Build.0 = Debug|Any CPU
		{BAFE178B-7AD4-41AE-A75D-9B920B9EA050}.DebugNoVSIX|Any CPU.ActiveCfg = Debug|Any CPU
		{BAFE178B-7AD4-41AE-A75D-9B920B9EA050}.DebugNoVSIX|Any CPU.Build.0 = Debug|Any CPU
		{BAFE178B-7AD4-41AE-A75D-9B920B9EA050}.Release|Any CPU.ActiveCfg = Release|Any CPU
		{BAFE178B-7AD4-41AE-A75D-9B920B9EA050}.Release|Any CPU.Build.0 = Release|Any CPU
		{BAFE178B-7AD4-41AE-A75D-9B920B9EA050}.ReleaseNoVSIX|Any CPU.ActiveCfg = Release|Any CPU
		{BAFE178B-7AD4-41AE-A75D-9B920B9EA050}.ReleaseNoVSIX|Any CPU.Build.0 = Release|Any CPU
		{45B207E2-DDB3-44F0-87C5-DEFB5A9534A5}.Debug|Any CPU.ActiveCfg = Debug|Any CPU
		{45B207E2-DDB3-44F0-87C5-DEFB5A9534A5}.Debug|Any CPU.Build.0 = Debug|Any CPU
		{45B207E2-DDB3-44F0-87C5-DEFB5A9534A5}.DebugNoVSIX|Any CPU.ActiveCfg = Debug|Any CPU
		{45B207E2-DDB3-44F0-87C5-DEFB5A9534A5}.DebugNoVSIX|Any CPU.Build.0 = Debug|Any CPU
		{45B207E2-DDB3-44F0-87C5-DEFB5A9534A5}.Release|Any CPU.ActiveCfg = Release|Any CPU
		{45B207E2-DDB3-44F0-87C5-DEFB5A9534A5}.Release|Any CPU.Build.0 = Release|Any CPU
		{45B207E2-DDB3-44F0-87C5-DEFB5A9534A5}.ReleaseNoVSIX|Any CPU.ActiveCfg = Release|Any CPU
		{45B207E2-DDB3-44F0-87C5-DEFB5A9534A5}.ReleaseNoVSIX|Any CPU.Build.0 = Release|Any CPU
		{167F1426-D9AE-49DF-B214-F00536DBC305}.Debug|Any CPU.ActiveCfg = Debug|Any CPU
		{167F1426-D9AE-49DF-B214-F00536DBC305}.Debug|Any CPU.Build.0 = Debug|Any CPU
		{167F1426-D9AE-49DF-B214-F00536DBC305}.DebugNoVSIX|Any CPU.ActiveCfg = Debug|Any CPU
		{167F1426-D9AE-49DF-B214-F00536DBC305}.DebugNoVSIX|Any CPU.Build.0 = Debug|Any CPU
		{167F1426-D9AE-49DF-B214-F00536DBC305}.Release|Any CPU.ActiveCfg = Release|Any CPU
		{167F1426-D9AE-49DF-B214-F00536DBC305}.Release|Any CPU.Build.0 = Release|Any CPU
		{167F1426-D9AE-49DF-B214-F00536DBC305}.ReleaseNoVSIX|Any CPU.ActiveCfg = Release|Any CPU
		{167F1426-D9AE-49DF-B214-F00536DBC305}.ReleaseNoVSIX|Any CPU.Build.0 = Release|Any CPU
		{0F2D75D1-89AD-40A6-9F02-D45708AEA3EB}.Debug|Any CPU.ActiveCfg = Debug|Any CPU
		{0F2D75D1-89AD-40A6-9F02-D45708AEA3EB}.Debug|Any CPU.Build.0 = Debug|Any CPU
		{0F2D75D1-89AD-40A6-9F02-D45708AEA3EB}.DebugNoVSIX|Any CPU.ActiveCfg = Debug|Any CPU
		{0F2D75D1-89AD-40A6-9F02-D45708AEA3EB}.DebugNoVSIX|Any CPU.Build.0 = Debug|Any CPU
		{0F2D75D1-89AD-40A6-9F02-D45708AEA3EB}.Release|Any CPU.ActiveCfg = Release|Any CPU
		{0F2D75D1-89AD-40A6-9F02-D45708AEA3EB}.Release|Any CPU.Build.0 = Release|Any CPU
		{0F2D75D1-89AD-40A6-9F02-D45708AEA3EB}.ReleaseNoVSIX|Any CPU.ActiveCfg = Release|Any CPU
		{0F2D75D1-89AD-40A6-9F02-D45708AEA3EB}.ReleaseNoVSIX|Any CPU.Build.0 = Release|Any CPU
		{64A72A33-38B4-4C23-9E12-D7FEBD673FB7}.Debug|Any CPU.ActiveCfg = Debug|Any CPU
		{64A72A33-38B4-4C23-9E12-D7FEBD673FB7}.Debug|Any CPU.Build.0 = Debug|Any CPU
		{64A72A33-38B4-4C23-9E12-D7FEBD673FB7}.DebugNoVSIX|Any CPU.ActiveCfg = Debug|Any CPU
		{64A72A33-38B4-4C23-9E12-D7FEBD673FB7}.DebugNoVSIX|Any CPU.Build.0 = Debug|Any CPU
		{64A72A33-38B4-4C23-9E12-D7FEBD673FB7}.Release|Any CPU.ActiveCfg = Release|Any CPU
		{64A72A33-38B4-4C23-9E12-D7FEBD673FB7}.Release|Any CPU.Build.0 = Release|Any CPU
		{64A72A33-38B4-4C23-9E12-D7FEBD673FB7}.ReleaseNoVSIX|Any CPU.ActiveCfg = Debug|Any CPU
		{64A72A33-38B4-4C23-9E12-D7FEBD673FB7}.ReleaseNoVSIX|Any CPU.Build.0 = Debug|Any CPU
		{C504C2D7-8313-46D8-A159-7EB79047C09C}.Debug|Any CPU.ActiveCfg = Debug|Any CPU
		{C504C2D7-8313-46D8-A159-7EB79047C09C}.Debug|Any CPU.Build.0 = Debug|Any CPU
		{C504C2D7-8313-46D8-A159-7EB79047C09C}.DebugNoVSIX|Any CPU.ActiveCfg = Debug|Any CPU
		{C504C2D7-8313-46D8-A159-7EB79047C09C}.DebugNoVSIX|Any CPU.Build.0 = Debug|Any CPU
		{C504C2D7-8313-46D8-A159-7EB79047C09C}.Release|Any CPU.ActiveCfg = Release|Any CPU
		{C504C2D7-8313-46D8-A159-7EB79047C09C}.Release|Any CPU.Build.0 = Release|Any CPU
		{C504C2D7-8313-46D8-A159-7EB79047C09C}.ReleaseNoVSIX|Any CPU.ActiveCfg = Debug|Any CPU
		{C504C2D7-8313-46D8-A159-7EB79047C09C}.ReleaseNoVSIX|Any CPU.Build.0 = Debug|Any CPU
		{18E29992-32E3-4801-90EE-C8D8E76F637A}.Debug|Any CPU.ActiveCfg = Debug|Any CPU
		{18E29992-32E3-4801-90EE-C8D8E76F637A}.Debug|Any CPU.Build.0 = Debug|Any CPU
		{18E29992-32E3-4801-90EE-C8D8E76F637A}.DebugNoVSIX|Any CPU.ActiveCfg = Debug|Any CPU
		{18E29992-32E3-4801-90EE-C8D8E76F637A}.DebugNoVSIX|Any CPU.Build.0 = Debug|Any CPU
		{18E29992-32E3-4801-90EE-C8D8E76F637A}.Release|Any CPU.ActiveCfg = Release|Any CPU
		{18E29992-32E3-4801-90EE-C8D8E76F637A}.Release|Any CPU.Build.0 = Release|Any CPU
		{18E29992-32E3-4801-90EE-C8D8E76F637A}.ReleaseNoVSIX|Any CPU.ActiveCfg = Release|Any CPU
		{18E29992-32E3-4801-90EE-C8D8E76F637A}.ReleaseNoVSIX|Any CPU.Build.0 = Release|Any CPU
		{094A024C-7DC1-487B-9F52-9D65CDFEE18D}.Debug|Any CPU.ActiveCfg = Debug|Any CPU
		{094A024C-7DC1-487B-9F52-9D65CDFEE18D}.Debug|Any CPU.Build.0 = Debug|Any CPU
		{094A024C-7DC1-487B-9F52-9D65CDFEE18D}.DebugNoVSIX|Any CPU.ActiveCfg = Debug|Any CPU
		{094A024C-7DC1-487B-9F52-9D65CDFEE18D}.DebugNoVSIX|Any CPU.Build.0 = Debug|Any CPU
		{094A024C-7DC1-487B-9F52-9D65CDFEE18D}.Release|Any CPU.ActiveCfg = Release|Any CPU
		{094A024C-7DC1-487B-9F52-9D65CDFEE18D}.Release|Any CPU.Build.0 = Release|Any CPU
		{094A024C-7DC1-487B-9F52-9D65CDFEE18D}.ReleaseNoVSIX|Any CPU.ActiveCfg = Release|Any CPU
		{094A024C-7DC1-487B-9F52-9D65CDFEE18D}.ReleaseNoVSIX|Any CPU.Build.0 = Release|Any CPU
		{E102632D-EC30-474F-B2EB-6EB07ED45F27}.Debug|Any CPU.ActiveCfg = Debug|Any CPU
		{E102632D-EC30-474F-B2EB-6EB07ED45F27}.Debug|Any CPU.Build.0 = Debug|Any CPU
		{E102632D-EC30-474F-B2EB-6EB07ED45F27}.DebugNoVSIX|Any CPU.ActiveCfg = Debug|Any CPU
		{E102632D-EC30-474F-B2EB-6EB07ED45F27}.DebugNoVSIX|Any CPU.Build.0 = Debug|Any CPU
		{E102632D-EC30-474F-B2EB-6EB07ED45F27}.Release|Any CPU.ActiveCfg = Release|Any CPU
		{E102632D-EC30-474F-B2EB-6EB07ED45F27}.Release|Any CPU.Build.0 = Release|Any CPU
		{E102632D-EC30-474F-B2EB-6EB07ED45F27}.ReleaseNoVSIX|Any CPU.ActiveCfg = Release|Any CPU
		{E102632D-EC30-474F-B2EB-6EB07ED45F27}.ReleaseNoVSIX|Any CPU.Build.0 = Release|Any CPU
	EndGlobalSection
	GlobalSection(SolutionProperties) = preSolution
		HideSolutionNode = FALSE
	EndGlobalSection
	GlobalSection(NestedProjects) = preSolution
		{BCF712D4-329A-4C7A-8292-9EFC864B2ABA} = {3C0D6505-79B3-49D0-B4C3-176F0F1836ED}
		{0F265874-C592-448B-BC4F-3430AB03E0DC} = {3C0D6505-79B3-49D0-B4C3-176F0F1836ED}
		{4EAD959D-73B2-4FB2-B46F-16CEB1EF49D4} = {3C0D6505-79B3-49D0-B4C3-176F0F1836ED}
		{E5D92DB7-5CBF-410A-9685-FF76F71EC96F} = {3C0D6505-79B3-49D0-B4C3-176F0F1836ED}
		{37E61BDB-658E-4F44-A499-D64CC6D35485} = {92463391-81BE-462B-AC3C-78C6C760741F}
		{078AEF36-F319-4CE2-BAA2-5B58A6536B46} = {92463391-81BE-462B-AC3C-78C6C760741F}
		{C61AAE12-5007-4205-A220-68F354A7F235} = {92463391-81BE-462B-AC3C-78C6C760741F}
		{6205467F-E381-4C42-AEEC-763BD62B3D5E} = {C2C98051-0F39-47F2-80B6-E72B29159F2C}
		{1D15867E-E50F-4107-92A4-BBC2EE6B088C} = {3C0D6505-79B3-49D0-B4C3-176F0F1836ED}
		{FBAE9975-77BE-411B-A1A3-4790C8A367EF} = {92463391-81BE-462B-AC3C-78C6C760741F}
		{35FEC0EA-09B5-45D2-832D-D6FEBA364871} = {3C0D6505-79B3-49D0-B4C3-176F0F1836ED}
		{0D6FD2CD-3C0A-452B-AC12-DE6301C287AC} = {3C0D6505-79B3-49D0-B4C3-176F0F1836ED}
		{0FC409AF-B92B-42D0-9096-1F20360D2672} = {92463391-81BE-462B-AC3C-78C6C760741F}
		{39233703-B752-43AC-AD86-E9D3E61B4AD9} = {92463391-81BE-462B-AC3C-78C6C760741F}
		{17C4A6DF-3AA5-43FE-8A0E-53DF14340446} = {3C0D6505-79B3-49D0-B4C3-176F0F1836ED}
		{8CEC0991-259F-4313-B3EF-E398F2B40E61} = {92463391-81BE-462B-AC3C-78C6C760741F}
		{87D808DC-5C9D-4D72-A9B7-C828A8DC09FA} = {3C0D6505-79B3-49D0-B4C3-176F0F1836ED}
		{0C7CB1C1-6CA3-42A1-AE3A-71A4DF581AC3} = {3C0D6505-79B3-49D0-B4C3-176F0F1836ED}
		{DE461FC6-663E-4362-9B33-C5A88C7B4DB8} = {5B60F564-4AD7-4B70-A887-7D91496799A2}
		{7BDA653C-6164-4ACB-913B-C7BB91E2390A} = {DE461FC6-663E-4362-9B33-C5A88C7B4DB8}
		{9B419123-4D1D-4ADB-ABB0-C324ED5A62E3} = {5B60F564-4AD7-4B70-A887-7D91496799A2}
		{1E26FEFF-20D6-4E3B-8DE5-F350919BB73D} = {9B419123-4D1D-4ADB-ABB0-C324ED5A62E3}
		{F8C0166A-2714-44AA-87B5-3365F1FB1AE2} = {5B60F564-4AD7-4B70-A887-7D91496799A2}
		{D811DDE3-FDE4-4E9E-837B-11AF73465768} = {F8C0166A-2714-44AA-87B5-3365F1FB1AE2}
		{D9BDF88A-8F0B-4FAF-B77B-206042C1D402} = {5B60F564-4AD7-4B70-A887-7D91496799A2}
		{E2D95310-84DA-4ED2-A1F0-0B34B029F579} = {D9BDF88A-8F0B-4FAF-B77B-206042C1D402}
		{C2E49955-A0B0-4F4A-B3AC-F120DCF9B13F} = {5B60F564-4AD7-4B70-A887-7D91496799A2}
		{D5CC33F8-6883-496C-AE99-8AE855784D13} = {C2E49955-A0B0-4F4A-B3AC-F120DCF9B13F}
		{7B1C5668-B4BC-45D9-AE4C-9C2382FC47A9} = {C2C98051-0F39-47F2-80B6-E72B29159F2C}
		{AA4EE974-E765-4B97-AF35-F734BF9830F6} = {5B60F564-4AD7-4B70-A887-7D91496799A2}
		{FB7C870E-A173-4F75-BE63-4EF39C79A759} = {5B60F564-4AD7-4B70-A887-7D91496799A2}
		{F5017FD5-EA78-4CD2-A1B6-F534910683F8} = {AA4EE974-E765-4B97-AF35-F734BF9830F6}
		{BD96BB0F-84DE-4A5F-8832-C8EADA36F43A} = {AA4EE974-E765-4B97-AF35-F734BF9830F6}
		{A0867F6B-3DBB-4743-B241-F59878BFA15D} = {A5E2E4FA-6087-4C16-BB7A-89E23AA0F4E3}
		{B040B919-D8E3-4656-BD85-88A541AA893D} = {A5E2E4FA-6087-4C16-BB7A-89E23AA0F4E3}
		{907EDA43-B4D9-40DA-BA07-8E00DD89FA33} = {FB7C870E-A173-4F75-BE63-4EF39C79A759}
		{97DE8703-467C-49A7-BCE4-42FF1FEC8AC2} = {FB7C870E-A173-4F75-BE63-4EF39C79A759}
		{A9F9B5E5-C5C2-4860-BE56-038C70ADBAC9} = {FB7C870E-A173-4F75-BE63-4EF39C79A759}
		{7400A168-2552-49C7-93E3-D4DAA90C216F} = {C2C98051-0F39-47F2-80B6-E72B29159F2C}
		{2223B8FD-D98A-47BE-94A9-6A3A6B8557B8} = {3C0D6505-79B3-49D0-B4C3-176F0F1836ED}
		{70C6EAF1-202B-481B-ADD4-D30DF1396BDE} = {92463391-81BE-462B-AC3C-78C6C760741F}
		{6117D32B-DDAE-4654-8260-783B27153E0B} = {AA4EE974-E765-4B97-AF35-F734BF9830F6}
		{53977089-1A87-4521-8368-0D50DFDA1279} = {3C0D6505-79B3-49D0-B4C3-176F0F1836ED}
		{C0C2AD17-5F5B-4B11-956D-203D91C377FB} = {92463391-81BE-462B-AC3C-78C6C760741F}
		{7275F376-1B63-49D3-8078-0F7CA15CC637} = {3AE210D1-C435-4693-BF79-2EF13ED554B9}
		{BAFE178B-7AD4-41AE-A75D-9B920B9EA050} = {3AE210D1-C435-4693-BF79-2EF13ED554B9}
		{45B207E2-DDB3-44F0-87C5-DEFB5A9534A5} = {4AA319E0-C81E-47CC-841A-6EFCB6784A1F}
		{167F1426-D9AE-49DF-B214-F00536DBC305} = {4AA319E0-C81E-47CC-841A-6EFCB6784A1F}
		{0F2D75D1-89AD-40A6-9F02-D45708AEA3EB} = {3C0D6505-79B3-49D0-B4C3-176F0F1836ED}
		{64A72A33-38B4-4C23-9E12-D7FEBD673FB7} = {3AE210D1-C435-4693-BF79-2EF13ED554B9}
		{C504C2D7-8313-46D8-A159-7EB79047C09C} = {C2E49955-A0B0-4F4A-B3AC-F120DCF9B13F}
		{CD6913F3-EC47-4470-9C45-F5F898615E9D} = {3AE210D1-C435-4693-BF79-2EF13ED554B9}
		{18E29992-32E3-4801-90EE-C8D8E76F637A} = {3C0D6505-79B3-49D0-B4C3-176F0F1836ED}
		{094A024C-7DC1-487B-9F52-9D65CDFEE18D} = {92463391-81BE-462B-AC3C-78C6C760741F}
		{440580F4-D746-49BB-AE8E-9F898483EA75} = {5B60F564-4AD7-4B70-A887-7D91496799A2}
		{E102632D-EC30-474F-B2EB-6EB07ED45F27} = {440580F4-D746-49BB-AE8E-9F898483EA75}
	EndGlobalSection
	GlobalSection(ExtensibilityGlobals) = postSolution
		SolutionGuid = {0035341D-175A-4D05-95E6-F1C2785A1E26}
	EndGlobalSection
	GlobalSection(SharedMSBuildProjectFiles) = preSolution
		src\Shared\Microsoft.AspNetCore.Razor.Serialization.Json\Microsoft.AspNetCore.Razor.Serialization.Json.projitems*{078aef36-f319-4ce2-baa2-5b58a6536b46}*SharedItemsImports = 5
		src\Shared\Microsoft.AspNetCore.Razor.Serialization.Json\Microsoft.AspNetCore.Razor.Serialization.Json.projitems*{6205467f-e381-4c42-aeec-763bd62b3d5e}*SharedItemsImports = 5
		src\Shared\Microsoft.AspNetCore.Razor.Serialization.Json\Microsoft.AspNetCore.Razor.Serialization.Json.projitems*{7b1c5668-b4bc-45d9-ae4c-9c2382fc47a9}*SharedItemsImports = 5
		src\Shared\Microsoft.AspNetCore.Razor.Serialization.Json\Microsoft.AspNetCore.Razor.Serialization.Json.projitems*{cd6913f3-ec47-4470-9c45-f5f898615e9d}*SharedItemsImports = 13
		src\Shared\Microsoft.AspNetCore.Razor.Serialization.Json\Microsoft.AspNetCore.Razor.Serialization.Json.projitems*{e5d92db7-5cbf-410a-9685-ff76f71ec96f}*SharedItemsImports = 5
	EndGlobalSection
EndGlobal
