# THIS IS AN AUTOGENERATED FILE. DO NOT EDIT THIS FILE DIRECTLY.
# yarn lockfile v1


argparse@^2.0.1:
  version "2.0.1"
  resolved "https://pkgs.dev.azure.com/dnceng/public/_packaging/dotnet-public-npm/npm/registry/argparse/-/argparse-2.0.1.tgz#246f50f3ca78a3240f6c997e8a9bd1eac49e4b38"
  integrity sha1-JG9Q88p4oyQPbJl+ipvR6sSeSzg=

js-yaml@>=3.13.1:
  version "4.1.1"
  resolved "https://pkgs.dev.azure.com/dnceng/public/_packaging/dotnet-public-npm/npm/registry/js-yaml/-/js-yaml-4.1.1.tgz#854c292467705b699476e1a2decc0c8a3458806b"
  integrity sha1-hUwpJGdwW2mUduGi3swMijRYgGs=
  dependencies:
    argparse "^2.0.1"
