# THIS IS AN AUTOGENERATED FILE. DO NOT EDIT THIS FILE DIRECTLY.
# yarn lockfile v1


"@eslint-community/eslint-utils@^4.2.0":
  version "4.4.0"
  resolved "https://pkgs.dev.azure.com/dnceng/public/_packaging/dotnet-public-npm/npm/registry/@eslint-community/eslint-utils/-/eslint-utils-4.4.0.tgz"
  integrity sha1-ojUU6Pua8SadX3eIqlVnmNYca1k=
  dependencies:
    eslint-visitor-keys "^3.3.0"

"@eslint-community/regexpp@^4.6.1":
  version "4.11.0"
  resolved "https://pkgs.dev.azure.com/dnceng/public/_packaging/dotnet-public-npm/npm/registry/@eslint-community/regexpp/-/regexpp-4.11.0.tgz"
  integrity sha1-sP/QMStKP9LW93I35ySKWtOmgK4=

"@eslint/eslintrc@^2.1.4":
  version "2.1.4"
  resolved "https://pkgs.dev.azure.com/dnceng/public/_packaging/dotnet-public-npm/npm/registry/@eslint/eslintrc/-/eslintrc-2.1.4.tgz"
  integrity sha1-OIomnw8lwbatwxe1osVXFIlMcK0=
  dependencies:
    ajv "^6.12.4"
    debug "^4.3.2"
    espree "^9.6.0"
    globals "^13.19.0"
    ignore "^5.2.0"
    import-fresh "^3.2.1"
    js-yaml "^4.1.0"
    minimatch "^3.1.2"
    strip-json-comments "^3.1.1"

"@eslint/js@8.57.0":
  version "8.57.0"
  resolved "https://pkgs.dev.azure.com/dnceng/public/_packaging/dotnet-public-npm/npm/registry/@eslint/js/-/js-8.57.0.tgz"
  integrity sha1-pUF66EJ4c/HdCLcLNXS0U+Z7X38=

"@humanwhocodes/config-array@^0.11.14":
  version "0.11.14"
  resolved "https://pkgs.dev.azure.com/dnceng/public/_packaging/dotnet-public-npm/npm/registry/@humanwhocodes/config-array/-/config-array-0.11.14.tgz"
  integrity sha1-145IGgOfdWbsyWYLTqf+ax/sRCs=
  dependencies:
    "@humanwhocodes/object-schema" "^2.0.2"
    debug "^4.3.1"
    minimatch "^3.0.5"

"@humanwhocodes/module-importer@^1.0.1":
  version "1.0.1"
  resolved "https://pkgs.dev.azure.com/dnceng/public/_packaging/dotnet-public-npm/npm/registry/@humanwhocodes/module-importer/-/module-importer-1.0.1.tgz"
  integrity sha1-r1smkaIrRL6EewyoFkHF+2rQFyw=

"@humanwhocodes/object-schema@^2.0.2":
  version "2.0.3"
  resolved "https://pkgs.dev.azure.com/dnceng/public/_packaging/dotnet-public-npm/npm/registry/@humanwhocodes/object-schema/-/object-schema-2.0.3.tgz"
  integrity sha1-Siho111taWPkI7z5C3/RvjQ0CdM=

"@nodelib/fs.scandir@2.1.5":
  version "2.1.5"
  resolved "https://pkgs.dev.azure.com/dnceng/public/_packaging/dotnet-public-npm/npm/registry/@nodelib/fs.scandir/-/fs.scandir-2.1.5.tgz"
  integrity sha1-dhnC6yGyVIP20WdUi0z9WnSIw9U=
  dependencies:
    "@nodelib/fs.stat" "2.0.5"
    run-parallel "^1.1.9"

"@nodelib/fs.stat@2.0.5":
  version "2.0.5"
  resolved "https://pkgs.dev.azure.com/dnceng/public/_packaging/dotnet-public-npm/npm/registry/@nodelib/fs.stat/-/fs.stat-2.0.5.tgz"
  integrity sha1-W9Jir5Tp0lvR5xsF3u1Eh2oiLos=

"@nodelib/fs.walk@^1.2.8":
  version "1.2.8"
  resolved "https://pkgs.dev.azure.com/dnceng/public/_packaging/dotnet-public-npm/npm/registry/@nodelib/fs.walk/-/fs.walk-1.2.8.tgz"
  integrity sha1-6Vc36LtnRt3t9pxVaVNJTxlv5po=
  dependencies:
    "@nodelib/fs.scandir" "2.1.5"
    fastq "^1.6.0"

"@types/node@^10.9.4":
  version "10.17.60"
  resolved "https://pkgs.dev.azure.com/dnceng/public/_packaging/dotnet-public-npm/npm/registry/@types/node/-/node-10.17.60.tgz"
  integrity sha1-NfPWIT2u2V2n8Pc+dbzGmA6QWXs=

"@types/vscode@1.69.0":
  version "1.69.0"
  resolved "https://pkgs.dev.azure.com/dnceng/public/_packaging/dotnet-public-npm/npm/registry/@types/vscode/-/vscode-1.69.0.tgz"
  integrity sha1-pHIBGvOS+8+Cy7gvYLTCOcIbkhw=

"@ungap/structured-clone@^1.2.0":
  version "1.2.0"
  resolved "https://pkgs.dev.azure.com/dnceng/public/_packaging/dotnet-public-npm/npm/registry/@ungap/structured-clone/-/structured-clone-1.2.0.tgz"
  integrity sha1-dWZBrbWHhRtcyz4JXa8nrlgchAY=

"@vscode/l10n@^0.0.18":
  version "0.0.18"
  resolved "https://pkgs.dev.azure.com/dnceng/public/_packaging/dotnet-public-npm/npm/registry/@vscode/l10n/-/l10n-0.0.18.tgz"
  integrity sha1-kW06XpYNurR8HFb1iny1CHsTXJU=

acorn-jsx@^5.3.2:
  version "5.3.2"
  resolved "https://pkgs.dev.azure.com/dnceng/public/_packaging/dotnet-public-npm/npm/registry/acorn-jsx/-/acorn-jsx-5.3.2.tgz"
  integrity sha1-ftW7VZCLOy8bxVxq8WU7rafweTc=

"acorn@^6.0.0 || ^7.0.0 || ^8.0.0", acorn@^8.9.0:
  version "8.12.1"
  resolved "https://pkgs.dev.azure.com/dnceng/public/_packaging/dotnet-public-npm/npm/registry/acorn/-/acorn-8.12.1.tgz"
  integrity sha1-cWFr3MviXielRDngBG6JynbfIkg=

ajv@^6.12.4:
  version "6.12.6"
  resolved "https://pkgs.dev.azure.com/dnceng/public/_packaging/dotnet-public-npm/npm/registry/ajv/-/ajv-6.12.6.tgz"
  integrity sha1-uvWmLoArB9l3A0WG+MO69a3ybfQ=
  dependencies:
    fast-deep-equal "^3.1.1"
    fast-json-stable-stringify "^2.0.0"
    json-schema-traverse "^0.4.1"
    uri-js "^4.2.2"

ansi-regex@^5.0.1:
  version "5.0.1"
  resolved "https://pkgs.dev.azure.com/dnceng/public/_packaging/dotnet-public-npm/npm/registry/ansi-regex/-/ansi-regex-5.0.1.tgz"
  integrity sha1-CCyyyJyf6GWaMRpTvWpNxTAdswQ=

ansi-styles@^4.1.0:
  version "4.3.0"
  resolved "https://pkgs.dev.azure.com/dnceng/public/_packaging/dotnet-public-npm/npm/registry/ansi-styles/-/ansi-styles-4.3.0.tgz"
  integrity sha1-7dgDYornHATIWuegkG7a00tkiTc=
  dependencies:
    color-convert "^2.0.1"

argparse@^2.0.1:
  version "2.0.1"
  resolved "https://pkgs.dev.azure.com/dnceng/public/_packaging/dotnet-public-npm/npm/registry/argparse/-/argparse-2.0.1.tgz"
  integrity sha1-JG9Q88p4oyQPbJl+ipvR6sSeSzg=

balanced-match@^1.0.0:
  version "1.0.2"
  resolved "https://pkgs.dev.azure.com/dnceng/public/_packaging/dotnet-public-npm/npm/registry/balanced-match/-/balanced-match-1.0.2.tgz"
  integrity sha1-6D46fj8wCzTLnYf2FfoMvzV2kO4=

brace-expansion@^1.1.7:
  version "1.1.11"
  resolved "https://pkgs.dev.azure.com/dnceng/public/_packaging/dotnet-public-npm/npm/registry/brace-expansion/-/brace-expansion-1.1.11.tgz"
  integrity sha1-PH/L9SnYcibz0vUrlm/1Jx60Qd0=
  dependencies:
    balanced-match "^1.0.0"
    concat-map "0.0.1"

callsites@^3.0.0:
  version "3.1.0"
  resolved "https://pkgs.dev.azure.com/dnceng/public/_packaging/dotnet-public-npm/npm/registry/callsites/-/callsites-3.1.0.tgz"
  integrity sha1-s2MKvYlDQy9Us/BRkjjjPNffL3M=

chalk@^4.0.0:
  version "4.1.2"
  resolved "https://pkgs.dev.azure.com/dnceng/public/_packaging/dotnet-public-npm/npm/registry/chalk/-/chalk-4.1.2.tgz"
  integrity sha1-qsTit3NKdAhnrrFr8CqtVWoeegE=
  dependencies:
    ansi-styles "^4.1.0"
    supports-color "^7.1.0"

color-convert@^2.0.1:
  version "2.0.1"
  resolved "https://pkgs.dev.azure.com/dnceng/public/_packaging/dotnet-public-npm/npm/registry/color-convert/-/color-convert-2.0.1.tgz"
  integrity sha1-ctOmjVmMm9s68q0ehPIdiWq9TeM=
  dependencies:
    color-name "~1.1.4"

color-name@~1.1.4:
  version "1.1.4"
  resolved "https://pkgs.dev.azure.com/dnceng/public/_packaging/dotnet-public-npm/npm/registry/color-name/-/color-name-1.1.4.tgz"
  integrity sha1-wqCah6y95pVD3m9j+jmVyCbFNqI=

concat-map@0.0.1:
  version "0.0.1"
  resolved "https://pkgs.dev.azure.com/dnceng/public/_packaging/dotnet-public-npm/npm/registry/concat-map/-/concat-map-0.0.1.tgz"
  integrity sha1-2Klr13/Wjfd5OnMDajug1UBdR3s=

cross-spawn@^7.0.2:
  version "7.0.3"
  resolved "https://pkgs.dev.azure.com/dnceng/public/_packaging/dotnet-public-npm/npm/registry/cross-spawn/-/cross-spawn-7.0.3.tgz"
  integrity sha1-9zqFudXUHQRVUcF34ogtSshXKKY=
  dependencies:
    path-key "^3.1.0"
    shebang-command "^2.0.0"
    which "^2.0.1"

debug@^4.3.1, debug@^4.3.2:
  version "4.3.5"
  resolved "https://pkgs.dev.azure.com/dnceng/public/_packaging/dotnet-public-npm/npm/registry/debug/-/debug-4.3.5.tgz"
  integrity sha1-6DRE7Ouf7dSh2lbWca4kRqAabh4=
  dependencies:
    ms "2.1.2"

deep-is@^0.1.3:
  version "0.1.4"
  resolved "https://pkgs.dev.azure.com/dnceng/public/_packaging/dotnet-public-npm/npm/registry/deep-is/-/deep-is-0.1.4.tgz"
  integrity sha1-pvLc5hL63S7x9Rm3NVHxfoUZmDE=

doctrine@^3.0.0:
  version "3.0.0"
  resolved "https://pkgs.dev.azure.com/dnceng/public/_packaging/dotnet-public-npm/npm/registry/doctrine/-/doctrine-3.0.0.tgz"
  integrity sha1-rd6+rXKmV023g2OdyHoSF3OXOWE=
  dependencies:
    esutils "^2.0.2"

escape-string-regexp@^4.0.0:
  version "4.0.0"
  resolved "https://pkgs.dev.azure.com/dnceng/public/_packaging/dotnet-public-npm/npm/registry/escape-string-regexp/-/escape-string-regexp-4.0.0.tgz"
  integrity sha1-FLqDpdNz49MR5a/KKc9b+tllvzQ=

eslint-scope@^7.2.2:
  version "7.2.2"
  resolved "https://pkgs.dev.azure.com/dnceng/public/_packaging/dotnet-public-npm/npm/registry/eslint-scope/-/eslint-scope-7.2.2.tgz"
  integrity sha1-3rT5JWM5DzIAaJSvYqItuhxGQj8=
  dependencies:
    esrecurse "^4.3.0"
    estraverse "^5.2.0"

eslint-visitor-keys@^3.3.0, eslint-visitor-keys@^3.4.1, eslint-visitor-keys@^3.4.3:
  version "3.4.3"
  resolved "https://pkgs.dev.azure.com/dnceng/public/_packaging/dotnet-public-npm/npm/registry/eslint-visitor-keys/-/eslint-visitor-keys-3.4.3.tgz"
  integrity sha1-DNcv6FUOPC6uFWqWpN3c0cisWAA=

"eslint@^6.0.0 || ^7.0.0 || >=8.0.0", eslint@8.57.0:
  version "8.57.0"
  resolved "https://pkgs.dev.azure.com/dnceng/public/_packaging/dotnet-public-npm/npm/registry/eslint/-/eslint-8.57.0.tgz"
  integrity sha1-x4am/Q4LaJQar2JFlvuYcIkZVmg=
  dependencies:
    "@eslint-community/eslint-utils" "^4.2.0"
    "@eslint-community/regexpp" "^4.6.1"
    "@eslint/eslintrc" "^2.1.4"
    "@eslint/js" "8.57.0"
    "@humanwhocodes/config-array" "^0.11.14"
    "@humanwhocodes/module-importer" "^1.0.1"
    "@nodelib/fs.walk" "^1.2.8"
    "@ungap/structured-clone" "^1.2.0"
    ajv "^6.12.4"
    chalk "^4.0.0"
    cross-spawn "^7.0.2"
    debug "^4.3.2"
    doctrine "^3.0.0"
    escape-string-regexp "^4.0.0"
    eslint-scope "^7.2.2"
    eslint-visitor-keys "^3.4.3"
    espree "^9.6.1"
    esquery "^1.4.2"
    esutils "^2.0.2"
    fast-deep-equal "^3.1.3"
    file-entry-cache "^6.0.1"
    find-up "^5.0.0"
    glob-parent "^6.0.2"
    globals "^13.19.0"
    graphemer "^1.4.0"
    ignore "^5.2.0"
    imurmurhash "^0.1.4"
    is-glob "^4.0.0"
    is-path-inside "^3.0.3"
    js-yaml "^4.1.0"
    json-stable-stringify-without-jsonify "^1.0.1"
    levn "^0.4.1"
    lodash.merge "^4.6.2"
    minimatch "^3.1.2"
    natural-compare "^1.4.0"
    optionator "^0.9.3"
    strip-ansi "^6.0.1"
    text-table "^0.2.0"

espree@^9.6.0, espree@^9.6.1:
  version "9.6.1"
  resolved "https://pkgs.dev.azure.com/dnceng/public/_packaging/dotnet-public-npm/npm/registry/espree/-/espree-9.6.1.tgz"
  integrity sha1-oqF7jkNGkKVDLy+AGM5x0zGkjG8=
  dependencies:
    acorn "^8.9.0"
    acorn-jsx "^5.3.2"
    eslint-visitor-keys "^3.4.1"

esquery@^1.4.2:
  version "1.5.0"
  resolved "https://pkgs.dev.azure.com/dnceng/public/_packaging/dotnet-public-npm/npm/registry/esquery/-/esquery-1.5.0.tgz"
  integrity sha1-bOF3ON6Fd2lO3XNhxXGCrIyw2ws=
  dependencies:
    estraverse "^5.1.0"

esrecurse@^4.3.0:
  version "4.3.0"
  resolved "https://pkgs.dev.azure.com/dnceng/public/_packaging/dotnet-public-npm/npm/registry/esrecurse/-/esrecurse-4.3.0.tgz"
  integrity sha1-eteWTWeauyi+5yzsY3WLHF0smSE=
  dependencies:
    estraverse "^5.2.0"

estraverse@^5.1.0, estraverse@^5.2.0:
  version "5.3.0"
  resolved "https://pkgs.dev.azure.com/dnceng/public/_packaging/dotnet-public-npm/npm/registry/estraverse/-/estraverse-5.3.0.tgz"
  integrity sha1-LupSkHAvJquP5TcDcP+GyWXSESM=

esutils@^2.0.2:
  version "2.0.3"
  resolved "https://pkgs.dev.azure.com/dnceng/public/_packaging/dotnet-public-npm/npm/registry/esutils/-/esutils-2.0.3.tgz"
  integrity sha1-dNLrTeC42hKTcRkQ1Qd1ubcQ72Q=

fast-deep-equal@^3.1.1, fast-deep-equal@^3.1.3:
  version "3.1.3"
  resolved "https://pkgs.dev.azure.com/dnceng/public/_packaging/dotnet-public-npm/npm/registry/fast-deep-equal/-/fast-deep-equal-3.1.3.tgz"
  integrity sha1-On1WtVnWy8PrUSMlJE5hmmXGxSU=

fast-json-stable-stringify@^2.0.0:
  version "2.1.0"
  resolved "https://pkgs.dev.azure.com/dnceng/public/_packaging/dotnet-public-npm/npm/registry/fast-json-stable-stringify/-/fast-json-stable-stringify-2.1.0.tgz"
  integrity sha1-h0v2nG9ATCtdmcSBNBOZ/VWJJjM=

fast-levenshtein@^2.0.6:
  version "2.0.6"
  resolved "https://pkgs.dev.azure.com/dnceng/public/_packaging/dotnet-public-npm/npm/registry/fast-levenshtein/-/fast-levenshtein-2.0.6.tgz"
  integrity sha1-PYpcZog6FqMMqGQ+hR8Zuqd5eRc=

fastq@^1.6.0:
  version "1.17.1"
  resolved "https://pkgs.dev.azure.com/dnceng/public/_packaging/dotnet-public-npm/npm/registry/fastq/-/fastq-1.17.1.tgz"
  integrity sha1-KlI/B6TnsegaQrkbi/IlQQd1O0c=
  dependencies:
    reusify "^1.0.4"

file-entry-cache@^6.0.1:
  version "6.0.1"
  resolved "https://pkgs.dev.azure.com/dnceng/public/_packaging/dotnet-public-npm/npm/registry/file-entry-cache/-/file-entry-cache-6.0.1.tgz"
  integrity sha1-IRst2WWcsDlLBz5zI6w8kz1SICc=
  dependencies:
    flat-cache "^3.0.4"

find-up@^5.0.0:
  version "5.0.0"
  resolved "https://pkgs.dev.azure.com/dnceng/public/_packaging/dotnet-public-npm/npm/registry/find-up/-/find-up-5.0.0.tgz"
  integrity sha1-TJKBnstwg1YeT0okCoa+UZj1Nvw=
  dependencies:
    locate-path "^6.0.0"
    path-exists "^4.0.0"

flat-cache@^3.0.4:
  version "3.2.0"
  resolved "https://pkgs.dev.azure.com/dnceng/public/_packaging/dotnet-public-npm/npm/registry/flat-cache/-/flat-cache-3.2.0.tgz"
  integrity sha1-LAwtUEDJmxYydxqdEFclwBFTY+4=
  dependencies:
    flatted "^3.2.9"
    keyv "^4.5.3"
    rimraf "^3.0.2"

flatted@^3.2.9:
  version "3.3.1"
  resolved "https://pkgs.dev.azure.com/dnceng/public/_packaging/dotnet-public-npm/npm/registry/flatted/-/flatted-3.3.1.tgz"
  integrity sha1-IdtHBymmc01JlwAvQ5yzCJh/Vno=

fs.realpath@^1.0.0:
  version "1.0.0"
  resolved "https://pkgs.dev.azure.com/dnceng/public/_packaging/dotnet-public-npm/npm/registry/fs.realpath/-/fs.realpath-1.0.0.tgz"
  integrity sha1-FQStJSMVjKpA20onh8sBQRmU6k8=

glob-parent@^6.0.2:
  version "6.0.2"
  resolved "https://pkgs.dev.azure.com/dnceng/public/_packaging/dotnet-public-npm/npm/registry/glob-parent/-/glob-parent-6.0.2.tgz"
  integrity sha1-bSN9mQg5UMeSkPJMdkKj3poo+eM=
  dependencies:
    is-glob "^4.0.3"

glob@^7.1.3:
  version "7.2.3"
  resolved "https://pkgs.dev.azure.com/dnceng/public/_packaging/dotnet-public-npm/npm/registry/glob/-/glob-7.2.3.tgz"
  integrity sha1-uN8PuAK7+o6JvR2Ti04WV47UTys=
  dependencies:
    fs.realpath "^1.0.0"
    inflight "^1.0.4"
    inherits "2"
    minimatch "^3.1.1"
    once "^1.3.0"
    path-is-absolute "^1.0.0"

globals@^13.19.0:
  version "13.24.0"
  resolved "https://pkgs.dev.azure.com/dnceng/public/_packaging/dotnet-public-npm/npm/registry/globals/-/globals-13.24.0.tgz"
  integrity sha1-hDKhnXjODB6DOUnDats0VAC7EXE=
  dependencies:
    type-fest "^0.20.2"

graphemer@^1.4.0:
  version "1.4.0"
  resolved "https://pkgs.dev.azure.com/dnceng/public/_packaging/dotnet-public-npm/npm/registry/graphemer/-/graphemer-1.4.0.tgz"
  integrity sha1-+y8dVeDjoYSa7/yQxPoN1ToOZsY=

has-flag@^4.0.0:
  version "4.0.0"
  resolved "https://pkgs.dev.azure.com/dnceng/public/_packaging/dotnet-public-npm/npm/registry/has-flag/-/has-flag-4.0.0.tgz"
  integrity sha1-lEdx/ZyByBJlxNaUGGDaBrtZR5s=

ignore@^5.2.0:
  version "5.3.1"
  resolved "https://pkgs.dev.azure.com/dnceng/public/_packaging/dotnet-public-npm/npm/registry/ignore/-/ignore-5.3.1.tgz"
  integrity sha1-UHPlVM1CxbM7OUN19Ti4WT401O8=

import-fresh@^3.2.1:
  version "3.3.0"
  resolved "https://pkgs.dev.azure.com/dnceng/public/_packaging/dotnet-public-npm/npm/registry/import-fresh/-/import-fresh-3.3.0.tgz"
  integrity sha1-NxYsJfy566oublPVtNiM4X2eDCs=
  dependencies:
    parent-module "^1.0.0"
    resolve-from "^4.0.0"

imurmurhash@^0.1.4:
  version "0.1.4"
  resolved "https://pkgs.dev.azure.com/dnceng/public/_packaging/dotnet-public-npm/npm/registry/imurmurhash/-/imurmurhash-0.1.4.tgz"
  integrity sha1-khi5srkoojixPcT7a21XbyMUU+o=

inflight@^1.0.4:
  version "1.0.6"
  resolved "https://pkgs.dev.azure.com/dnceng/public/_packaging/dotnet-public-npm/npm/registry/inflight/-/inflight-1.0.6.tgz"
  integrity sha1-Sb1jMdfQLQwJvJEKEHW6gWW1bfk=
  dependencies:
    once "^1.3.0"
    wrappy "1"

inherits@2:
  version "2.0.4"
  resolved "https://pkgs.dev.azure.com/dnceng/public/_packaging/dotnet-public-npm/npm/registry/inherits/-/inherits-2.0.4.tgz"
  integrity sha1-D6LGT5MpF8NDOg3tVTY6rjdBa3w=

is-extglob@^2.1.1:
  version "2.1.1"
  resolved "https://pkgs.dev.azure.com/dnceng/public/_packaging/dotnet-public-npm/npm/registry/is-extglob/-/is-extglob-2.1.1.tgz"
  integrity sha1-qIwCU1eR8C7TfHahueqXc8gz+MI=

is-glob@^4.0.0, is-glob@^4.0.3:
  version "4.0.3"
  resolved "https://pkgs.dev.azure.com/dnceng/public/_packaging/dotnet-public-npm/npm/registry/is-glob/-/is-glob-4.0.3.tgz"
  integrity sha1-ZPYeQsu7LuwgcanawLKLoeZdUIQ=
  dependencies:
    is-extglob "^2.1.1"

is-path-inside@^3.0.3:
  version "3.0.3"
  resolved "https://pkgs.dev.azure.com/dnceng/public/_packaging/dotnet-public-npm/npm/registry/is-path-inside/-/is-path-inside-3.0.3.tgz"
  integrity sha1-0jE2LlOgf/Kw4Op/7QSRYf/RYoM=

isexe@^2.0.0:
  version "2.0.0"
  resolved "https://pkgs.dev.azure.com/dnceng/public/_packaging/dotnet-public-npm/npm/registry/isexe/-/isexe-2.0.0.tgz"
  integrity sha1-6PvzdNxVb/iUehDcsFctYz8s+hA=

js-yaml@^4.1.0, js-yaml@>=3.13.1:
  version "4.1.0"
  resolved "https://pkgs.dev.azure.com/dnceng/public/_packaging/dotnet-public-npm/npm/registry/js-yaml/-/js-yaml-4.1.0.tgz"
  integrity sha1-wftl+PUBeQHN0slRhkuhhFihBgI=
  dependencies:
    argparse "^2.0.1"

json-buffer@3.0.1:
  version "3.0.1"
  resolved "https://pkgs.dev.azure.com/dnceng/public/_packaging/dotnet-public-npm/npm/registry/json-buffer/-/json-buffer-3.0.1.tgz"
  integrity sha1-kziAKjDTtmBfvgYT4JQAjKjAWhM=

json-schema-traverse@^0.4.1:
  version "0.4.1"
  resolved "https://pkgs.dev.azure.com/dnceng/public/_packaging/dotnet-public-npm/npm/registry/json-schema-traverse/-/json-schema-traverse-0.4.1.tgz"
  integrity sha1-afaofZUTq4u4/mO9sJecRI5oRmA=

json-stable-stringify-without-jsonify@^1.0.1:
  version "1.0.1"
  resolved "https://pkgs.dev.azure.com/dnceng/public/_packaging/dotnet-public-npm/npm/registry/json-stable-stringify-without-jsonify/-/json-stable-stringify-without-jsonify-1.0.1.tgz"
  integrity sha1-nbe1lJatPzz+8wp1FC0tkwrXJlE=

keyv@^4.5.3:
  version "4.5.4"
  resolved "https://pkgs.dev.azure.com/dnceng/public/_packaging/dotnet-public-npm/npm/registry/keyv/-/keyv-4.5.4.tgz"
  integrity sha1-qHmpnilFL5QkOfKkBeOvizHU3pM=
  dependencies:
    json-buffer "3.0.1"

levn@^0.4.1:
  version "0.4.1"
  resolved "https://pkgs.dev.azure.com/dnceng/public/_packaging/dotnet-public-npm/npm/registry/levn/-/levn-0.4.1.tgz"
  integrity sha1-rkViwAdHO5MqYgDUAyaN0v/8at4=
  dependencies:
    prelude-ls "^1.2.1"
    type-check "~0.4.0"

locate-path@^6.0.0:
  version "6.0.0"
  resolved "https://pkgs.dev.azure.com/dnceng/public/_packaging/dotnet-public-npm/npm/registry/locate-path/-/locate-path-6.0.0.tgz"
  integrity sha1-VTIeswn+u8WcSAHZMackUqaB0oY=
  dependencies:
    p-locate "^5.0.0"

lodash.merge@^4.6.2:
  version "4.6.2"
  resolved "https://pkgs.dev.azure.com/dnceng/public/_packaging/dotnet-public-npm/npm/registry/lodash.merge/-/lodash.merge-4.6.2.tgz"
  integrity sha1-VYqlO0O2YeGSWgr9+japoQhf5Xo=

minimatch@^3.0.4, minimatch@^3.0.5, minimatch@3.0.5:
  version "3.0.5"
  resolved "https://pkgs.dev.azure.com/dnceng/public/_packaging/dotnet-public-npm/npm/registry/minimatch/-/minimatch-3.0.5.tgz"
  integrity sha1-TajxKQ7g8PjoPWDKafjxNAaGBKM=
  dependencies:
    brace-expansion "^1.1.7"

minimatch@^3.1.1:
  version "3.1.2"
  resolved "https://pkgs.dev.azure.com/dnceng/public/_packaging/dotnet-public-npm/npm/registry/minimatch/-/minimatch-3.1.2.tgz"
  integrity sha1-Gc0ZS/0+Qo8EmnCBfAONiatL41s=
  dependencies:
    brace-expansion "^1.1.7"

minimatch@^3.1.2:
  version "3.1.2"
  resolved "https://pkgs.dev.azure.com/dnceng/public/_packaging/dotnet-public-npm/npm/registry/minimatch/-/minimatch-3.1.2.tgz"
  integrity sha1-Gc0ZS/0+Qo8EmnCBfAONiatL41s=
  dependencies:
    brace-expansion "^1.1.7"

ms@2.1.2:
  version "2.1.2"
  resolved "https://pkgs.dev.azure.com/dnceng/public/_packaging/dotnet-public-npm/npm/registry/ms/-/ms-2.1.2.tgz"
  integrity sha1-0J0fNXtEP0kzgqjrPM0YOHKuYAk=

natural-compare@^1.4.0:
  version "1.4.0"
  resolved "https://pkgs.dev.azure.com/dnceng/public/_packaging/dotnet-public-npm/npm/registry/natural-compare/-/natural-compare-1.4.0.tgz"
  integrity sha1-Sr6/7tdUHywnrPspvbvRXI1bpPc=

once@^1.3.0:
  version "1.4.0"
  resolved "https://pkgs.dev.azure.com/dnceng/public/_packaging/dotnet-public-npm/npm/registry/once/-/once-1.4.0.tgz"
  integrity sha1-WDsap3WWHUsROsF9nFC6753Xa9E=
  dependencies:
    wrappy "1"

optionator@^0.9.3:
  version "0.9.4"
  resolved "https://pkgs.dev.azure.com/dnceng/public/_packaging/dotnet-public-npm/npm/registry/optionator/-/optionator-0.9.4.tgz"
  integrity sha1-fqHBpdkddk+yghOciP4R4YKjpzQ=
  dependencies:
    deep-is "^0.1.3"
    fast-levenshtein "^2.0.6"
    levn "^0.4.1"
    prelude-ls "^1.2.1"
    type-check "^0.4.0"
    word-wrap "^1.2.5"

p-limit@^3.0.2:
  version "3.1.0"
  resolved "https://pkgs.dev.azure.com/dnceng/public/_packaging/dotnet-public-npm/npm/registry/p-limit/-/p-limit-3.1.0.tgz"
  integrity sha1-4drMvnjQ0TiMoYxk/qOOPlfjcGs=
  dependencies:
    yocto-queue "^0.1.0"

p-locate@^5.0.0:
  version "5.0.0"
  resolved "https://pkgs.dev.azure.com/dnceng/public/_packaging/dotnet-public-npm/npm/registry/p-locate/-/p-locate-5.0.0.tgz"
  integrity sha1-g8gxXGeFAF470CGDlBHJ4RDm2DQ=
  dependencies:
    p-limit "^3.0.2"

parent-module@^1.0.0:
  version "1.0.1"
  resolved "https://pkgs.dev.azure.com/dnceng/public/_packaging/dotnet-public-npm/npm/registry/parent-module/-/parent-module-1.0.1.tgz"
  integrity sha1-aR0nCeeMefrjoVZiJFLQB2LKqqI=
  dependencies:
    callsites "^3.0.0"

path-exists@^4.0.0:
  version "4.0.0"
  resolved "https://pkgs.dev.azure.com/dnceng/public/_packaging/dotnet-public-npm/npm/registry/path-exists/-/path-exists-4.0.0.tgz"
  integrity sha1-UTvb4tO5XXdi6METfvoZXGxhtbM=

path-is-absolute@^1.0.0:
  version "1.0.1"
  resolved "https://pkgs.dev.azure.com/dnceng/public/_packaging/dotnet-public-npm/npm/registry/path-is-absolute/-/path-is-absolute-1.0.1.tgz"
  integrity sha1-F0uSaHNVNP+8es5r9TpanhtcX18=

path-key@^3.1.0:
  version "3.1.1"
  resolved "https://pkgs.dev.azure.com/dnceng/public/_packaging/dotnet-public-npm/npm/registry/path-key/-/path-key-3.1.1.tgz"
  integrity sha1-WB9q3mWMu6ZaDTOA3ndTKVBU83U=

prelude-ls@^1.2.1:
  version "1.2.1"
  resolved "https://pkgs.dev.azure.com/dnceng/public/_packaging/dotnet-public-npm/npm/registry/prelude-ls/-/prelude-ls-1.2.1.tgz"
  integrity sha1-3rxkidem5rDnYRiIzsiAM30xY5Y=

ps-list@7.2.0:
  version "7.2.0"
  resolved "https://pkgs.dev.azure.com/dnceng/public/_packaging/dotnet-public-npm/npm/registry/ps-list/-/ps-list-7.2.0.tgz"
  integrity sha1-PREOHegkmksXjJsc8qIV0eTkL8A=

punycode@^2.1.0:
  version "2.3.1"
  resolved "https://pkgs.dev.azure.com/dnceng/public/_packaging/dotnet-public-npm/npm/registry/punycode/-/punycode-2.3.1.tgz"
  integrity sha1-AnQi4vrsCyXhVJw+G9gwm5EztuU=

queue-microtask@^1.2.2:
  version "1.2.3"
  resolved "https://pkgs.dev.azure.com/dnceng/public/_packaging/dotnet-public-npm/npm/registry/queue-microtask/-/queue-microtask-1.2.3.tgz"
  integrity sha1-SSkii7xyTfrEPg77BYyve2z7YkM=

resolve-from@^4.0.0:
  version "4.0.0"
  resolved "https://pkgs.dev.azure.com/dnceng/public/_packaging/dotnet-public-npm/npm/registry/resolve-from/-/resolve-from-4.0.0.tgz"
  integrity sha1-SrzYUq0y3Xuqv+m0DgCjbbXzkuY=

reusify@^1.0.4:
  version "1.0.4"
  resolved "https://pkgs.dev.azure.com/dnceng/public/_packaging/dotnet-public-npm/npm/registry/reusify/-/reusify-1.0.4.tgz"
  integrity sha1-kNo4Kx4SbvwCFG6QhFqI2xKSXXY=

rimraf@^3.0.2:
  version "3.0.2"
  resolved "https://pkgs.dev.azure.com/dnceng/public/_packaging/dotnet-public-npm/npm/registry/rimraf/-/rimraf-3.0.2.tgz"
  integrity sha1-8aVAK6YiCtUswSgrrBrjqkn9Bho=
  dependencies:
    glob "^7.1.3"

rimraf@2.6.3:
  version "2.6.3"
  resolved "https://pkgs.dev.azure.com/dnceng/public/_packaging/dotnet-public-npm/npm/registry/rimraf/-/rimraf-2.6.3.tgz"
  integrity sha1-stEE/g2Psnz54KHNqCYt04M8bKs=
  dependencies:
    glob "^7.1.3"

run-parallel@^1.1.9:
  version "1.2.0"
  resolved "https://pkgs.dev.azure.com/dnceng/public/_packaging/dotnet-public-npm/npm/registry/run-parallel/-/run-parallel-1.2.0.tgz"
  integrity sha1-ZtE2jae9+SHrnZW9GpIp5/IaQ+4=
  dependencies:
    queue-microtask "^1.2.2"

semver@^7.3.5:
  version "7.6.2"
  resolved "https://pkgs.dev.azure.com/dnceng/public/_packaging/dotnet-public-npm/npm/registry/semver/-/semver-7.6.2.tgz"
  integrity sha1-Hjs0dZ+Jbo8U1hNHMs55iusMbhM=

shebang-command@^2.0.0:
  version "2.0.0"
  resolved "https://pkgs.dev.azure.com/dnceng/public/_packaging/dotnet-public-npm/npm/registry/shebang-command/-/shebang-command-2.0.0.tgz"
  integrity sha1-zNCvT4g1+9wmW4JGGq8MNmY/NOo=
  dependencies:
    shebang-regex "^3.0.0"

shebang-regex@^3.0.0:
  version "3.0.0"
  resolved "https://pkgs.dev.azure.com/dnceng/public/_packaging/dotnet-public-npm/npm/registry/shebang-regex/-/shebang-regex-3.0.0.tgz"
  integrity sha1-rhbxZE2HPsrYQ7AwexQzYtTEIXI=

strip-ansi@^6.0.1:
  version "6.0.1"
  resolved "https://pkgs.dev.azure.com/dnceng/public/_packaging/dotnet-public-npm/npm/registry/strip-ansi/-/strip-ansi-6.0.1.tgz"
  integrity sha1-nibGPTD1NEPpSJSVshBdN7Z6hdk=
  dependencies:
    ansi-regex "^5.0.1"

strip-json-comments@^3.1.1:
  version "3.1.1"
  resolved "https://pkgs.dev.azure.com/dnceng/public/_packaging/dotnet-public-npm/npm/registry/strip-json-comments/-/strip-json-comments-3.1.1.tgz"
  integrity sha1-MfEoGzgyYwQ0gxwxDAHMzajL4AY=

supports-color@^7.1.0:
  version "7.2.0"
  resolved "https://pkgs.dev.azure.com/dnceng/public/_packaging/dotnet-public-npm/npm/registry/supports-color/-/supports-color-7.2.0.tgz"
  integrity sha1-G33NyzK4E4gBs+R4umpRyqiWSNo=
  dependencies:
    has-flag "^4.0.0"

text-table@^0.2.0:
  version "0.2.0"
  resolved "https://pkgs.dev.azure.com/dnceng/public/_packaging/dotnet-public-npm/npm/registry/text-table/-/text-table-0.2.0.tgz"
  integrity sha1-f17oI66AUgfACvLfSoTsP8+lcLQ=

type-check@^0.4.0, type-check@~0.4.0:
  version "0.4.0"
  resolved "https://pkgs.dev.azure.com/dnceng/public/_packaging/dotnet-public-npm/npm/registry/type-check/-/type-check-0.4.0.tgz"
  integrity sha1-B7ggO/pwVsBlcFDjzNLDdzC6uPE=
  dependencies:
    prelude-ls "^1.2.1"

type-fest@^0.20.2:
  version "0.20.2"
  resolved "https://pkgs.dev.azure.com/dnceng/public/_packaging/dotnet-public-npm/npm/registry/type-fest/-/type-fest-0.20.2.tgz"
  integrity sha1-G/IH9LKPkVg2ZstfvTJ4hzAc1fQ=

typescript@~4.5.4:
  version "4.5.5"
  resolved "https://pkgs.dev.azure.com/dnceng/public/_packaging/dotnet-public-npm/npm/registry/typescript/-/typescript-4.5.5.tgz"
  integrity sha1-2MlTgy0okkqePTfHPXKchGxYlvM=

uri-js@^4.2.2:
  version "4.4.1"
  resolved "https://pkgs.dev.azure.com/dnceng/public/_packaging/dotnet-public-npm/npm/registry/uri-js/-/uri-js-4.4.1.tgz"
  integrity sha1-mxpSWVIlhZ5V9mnZKPiMbFfyp34=
  dependencies:
    punycode "^2.1.0"

vscode-html-languageservice@~5.2.0:
  version "5.2.0"
  resolved "https://pkgs.dev.azure.com/dnceng/public/_packaging/dotnet-public-npm/npm/registry/vscode-html-languageservice/-/vscode-html-languageservice-5.2.0.tgz"
  integrity sha1-Wzb5ExrMBzzrqiB03I/1PoTIDzE=
  dependencies:
    "@vscode/l10n" "^0.0.18"
    vscode-languageserver-textdocument "^1.0.11"
    vscode-languageserver-types "^3.17.5"
    vscode-uri "^3.0.8"

vscode-jsonrpc@8.0.2:
  version "8.0.2"
  resolved "https://pkgs.dev.azure.com/dnceng/public/_packaging/dotnet-public-npm/npm/registry/vscode-jsonrpc/-/vscode-jsonrpc-8.0.2.tgz"
  integrity sha1-8jntLNYAQCG2VQr5/Z0+R+7jysk=

vscode-languageclient@8.0.2:
  version "8.0.2"
  resolved "https://pkgs.dev.azure.com/dnceng/public/_packaging/dotnet-public-npm/npm/registry/vscode-languageclient/-/vscode-languageclient-8.0.2.tgz"
  integrity sha1-8fI86MhISqEeS337JEN9Plm7YcY=
  dependencies:
    minimatch "^3.0.4"
    semver "^7.3.5"
    vscode-languageserver-protocol "3.17.2"

vscode-languageserver-protocol@3.17.2:
  version "3.17.2"
  resolved "https://pkgs.dev.azure.com/dnceng/public/_packaging/dotnet-public-npm/npm/registry/vscode-languageserver-protocol/-/vscode-languageserver-protocol-3.17.2.tgz"
  integrity sha1-vqpGrqBu0GFXZYbF4RNoqa/B03g=
  dependencies:
    vscode-jsonrpc "8.0.2"
    vscode-languageserver-types "3.17.2"

vscode-languageserver-textdocument@^1.0.11, vscode-languageserver-textdocument@^1.0.5:
  version "1.0.11"
  resolved "https://pkgs.dev.azure.com/dnceng/public/_packaging/dotnet-public-npm/npm/registry/vscode-languageserver-textdocument/-/vscode-languageserver-textdocument-1.0.11.tgz"
  integrity sha1-CCKgAOfU3AgzElgNdXX+njui4r8=

vscode-languageserver-types@^3.17.5:
  version "3.17.5"
  resolved "https://pkgs.dev.azure.com/dnceng/public/_packaging/dotnet-public-npm/npm/registry/vscode-languageserver-types/-/vscode-languageserver-types-3.17.5.tgz"
  integrity sha1-MnNnbwzy6rQLP0TQhay7fwijnYo=

vscode-languageserver-types@3.17.2:
  version "3.17.2"
  resolved "https://pkgs.dev.azure.com/dnceng/public/_packaging/dotnet-public-npm/npm/registry/vscode-languageserver-types/-/vscode-languageserver-types-3.17.2.tgz"
  integrity sha1-ssLn3kBa09c6iD6RmJuFAXD/xPI=

vscode-uri@^3.0.8:
  version "3.0.8"
  resolved "https://pkgs.dev.azure.com/dnceng/public/_packaging/dotnet-public-npm/npm/registry/vscode-uri/-/vscode-uri-3.0.8.tgz"
  integrity sha1-F3CTjT5yWIZZoXLQ/UZCeACD/58=

which@^2.0.1:
  version "2.0.2"
  resolved "https://pkgs.dev.azure.com/dnceng/public/_packaging/dotnet-public-npm/npm/registry/which/-/which-2.0.2.tgz"
  integrity sha1-fGqN0KY2oDJ+ELWckobu6T8/UbE=
  dependencies:
    isexe "^2.0.0"

word-wrap@^1.2.5:
  version "1.2.5"
  resolved "https://pkgs.dev.azure.com/dnceng/public/_packaging/dotnet-public-npm/npm/registry/word-wrap/-/word-wrap-1.2.5.tgz"
  integrity sha1-0sRcbdT7zmIaZvE2y+Mor9BBCzQ=

wrappy@1:
  version "1.0.2"
  resolved "https://pkgs.dev.azure.com/dnceng/public/_packaging/dotnet-public-npm/npm/registry/wrappy/-/wrappy-1.0.2.tgz"
  integrity sha1-tSQ9jz7BqjXxNkYFvA0QNuMKtp8=

yocto-queue@^0.1.0:
  version "0.1.0"
  resolved "https://pkgs.dev.azure.com/dnceng/public/_packaging/dotnet-public-npm/npm/registry/yocto-queue/-/yocto-queue-0.1.0.tgz"
  integrity sha1-ApTrPe4FAo0x7hpfosVWpqrxChs=
